// !$*UTF8*$!
{
	archiveVersion = 1;
	classes = {
	};
	objectVersion = 51;
	objects = {

/* Begin PBXBuildFile section */
		0DF3C5BEC98535C54FABA896 /* OmegaBankTests.swift in Sources */ = {isa = PBXBuildFile; fileRef = F4D13CCECF9ABE420FFF25BC /* OmegaBankTests.swift */; };
		14D65EDD727842BB590A5D7D /* Assets.xcassets in Resources */ = {isa = PBXBuildFile; fileRef = 658DAB702A03CEE79F4968D4 /* Assets.xcassets */; };
		306126D87C00665EC66607E3 /* Pods_OmegaBankAPI.framework in Frameworks */ = {isa = PBXBuildFile; fileRef = 7F4F1BEFA05C3C636FF85B0E /* Pods_OmegaBankAPI.framework */; };
		5A176ED273F4379989CCEFB8 /* Pods_OmegaBank.framework in Frameworks */ = {isa = PBXBuildFile; fileRef = 05E288B1C4237B0563B80A49 /* Pods_OmegaBank.framework */; };
		60230FF1A4E12C954480D34B /* ServiceLayer.swift in Sources */ = {isa = PBXBuildFile; fileRef = 6B3764A850A4D197A1767543 /* ServiceLayer.swift */; };
		6F9652531F8C7A429C2B43B3 /* ApiConstants.swift in Sources */ = {isa = PBXBuildFile; fileRef = D09FFEE72A0FC8C20BA4CE3B /* ApiConstants.swift */; };
		7700FD52241260AC00210AD3 /* PartnersEndpoint.swift in Sources */ = {isa = PBXBuildFile; fileRef = 7700FD502412609E00210AD3 /* PartnersEndpoint.swift */; };
		7700FD552412637000210AD3 /* Partner.swift in Sources */ = {isa = PBXBuildFile; fileRef = 7700FD53241262DE00210AD3 /* Partner.swift */; };
		7700FD5724126F3700210AD3 /* AppViewController.swift in Sources */ = {isa = PBXBuildFile; fileRef = 7700FD5624126F3700210AD3 /* AppViewController.swift */; };
		77196A5B23FA915E007C8C84 /* OmegaBankAPI.framework in Frameworks */ = {isa = PBXBuildFile; fileRef = 77196A5223FA915E007C8C84 /* OmegaBankAPI.framework */; };
		77196A6423FA915E007C8C84 /* OmegaBankAPI.h in Headers */ = {isa = PBXBuildFile; fileRef = 77196A5423FA915E007C8C84 /* OmegaBankAPI.h */; settings = {ATTRIBUTES = (Public, ); }; };
		77196A6723FA915E007C8C84 /* OmegaBankAPI.framework in Frameworks */ = {isa = PBXBuildFile; fileRef = 77196A5223FA915E007C8C84 /* OmegaBankAPI.framework */; };
		77196A6923FA915E007C8C84 /* OmegaBankAPI.framework in Embed Frameworks */ = {isa = PBXBuildFile; fileRef = 77196A5223FA915E007C8C84 /* OmegaBankAPI.framework */; settings = {ATTRIBUTES = (CodeSignOnCopy, RemoveHeadersOnCopy, ); }; };
		77196A7723FA9800007C8C84 /* Client.swift in Sources */ = {isa = PBXBuildFile; fileRef = 77196A7623FA9800007C8C84 /* Client.swift */; };
		77196A7A23FAAC08007C8C84 /* APIRequestAdapter.swift in Sources */ = {isa = PBXBuildFile; fileRef = 77196A7923FAAC08007C8C84 /* APIRequestAdapter.swift */; };
		77196A7E23FAB1EE007C8C84 /* Endpoint.swift in Sources */ = {isa = PBXBuildFile; fileRef = 77196A7D23FAB1EE007C8C84 /* Endpoint.swift */; };
		77196A8023FAB374007C8C84 /* APIError.swift in Sources */ = {isa = PBXBuildFile; fileRef = 77196A7F23FAB374007C8C84 /* APIError.swift */; };
		77196A8423FAB991007C8C84 /* JsonEndpoint.swift in Sources */ = {isa = PBXBuildFile; fileRef = 77196A8323FAB991007C8C84 /* JsonEndpoint.swift */; };
		77196A8623FABAB7007C8C84 /* Codable.swift in Sources */ = {isa = PBXBuildFile; fileRef = 77196A8523FABAB7007C8C84 /* Codable.swift */; };
		77196A8B23FAC636007C8C84 /* AuthData.swift in Sources */ = {isa = PBXBuildFile; fileRef = 77196A8A23FAC636007C8C84 /* AuthData.swift */; };
		77196A8D23FAC6B4007C8C84 /* URLRequest+HTTP.swift in Sources */ = {isa = PBXBuildFile; fileRef = 77196A8C23FAC6B4007C8C84 /* URLRequest+HTTP.swift */; };
		77196A8F23FAC747007C8C84 /* ResponseValidator.swift in Sources */ = {isa = PBXBuildFile; fileRef = 77196A8E23FAC747007C8C84 /* ResponseValidator.swift */; };
		77196A9123FAC77E007C8C84 /* HTTPError.swift in Sources */ = {isa = PBXBuildFile; fileRef = 77196A9023FAC77E007C8C84 /* HTTPError.swift */; };
		77196A9323FAC898007C8C84 /* LoginService.swift in Sources */ = {isa = PBXBuildFile; fileRef = 77196A9223FAC898007C8C84 /* LoginService.swift */; };
		77196A9723FACA6C007C8C84 /* AccessTokenStorage.swift in Sources */ = {isa = PBXBuildFile; fileRef = 77196A9623FACA6C007C8C84 /* AccessTokenStorage.swift */; };
		77196A9923FACB58007C8C84 /* KeychainStorage.swift in Sources */ = {isa = PBXBuildFile; fileRef = 77196A9823FACB58007C8C84 /* KeychainStorage.swift */; };
		77196A9B23FACC04007C8C84 /* DataStorage.swift in Sources */ = {isa = PBXBuildFile; fileRef = 77196A9A23FACC04007C8C84 /* DataStorage.swift */; };
		77196A9D23FACC52007C8C84 /* BoolStorage.swift in Sources */ = {isa = PBXBuildFile; fileRef = 77196A9C23FACC52007C8C84 /* BoolStorage.swift */; };
		77196AA223FBC2A0007C8C84 /* LoginViewController.swift in Sources */ = {isa = PBXBuildFile; fileRef = 77196AA123FBC2A0007C8C84 /* LoginViewController.swift */; };
		77196AA423FBC2CE007C8C84 /* LoginViewController.xib in Resources */ = {isa = PBXBuildFile; fileRef = 77196AA323FBC2CE007C8C84 /* LoginViewController.xib */; };
		77196AA923FBCD11007C8C84 /* CheckSmsCodeEndpoint.swift in Sources */ = {isa = PBXBuildFile; fileRef = 77196AA723FBCC82007C8C84 /* CheckSmsCodeEndpoint.swift */; };
		77196AAB23FBCF3A007C8C84 /* EmptyEndpoint.swift in Sources */ = {isa = PBXBuildFile; fileRef = 77196AAA23FBCF3A007C8C84 /* EmptyEndpoint.swift */; };
		77196AAC23FBCFAA007C8C84 /* SendPhoneEndpoint.swift in Sources */ = {isa = PBXBuildFile; fileRef = 77196AA523FBCC70007C8C84 /* SendPhoneEndpoint.swift */; };
		77196AAE23FCFB37007C8C84 /* Results.swift in Sources */ = {isa = PBXBuildFile; fileRef = 77196AAD23FCFB37007C8C84 /* Results.swift */; };
		774B93E524249F41008237BF /* AnimatedCollectionViewLayout.swift in Sources */ = {isa = PBXBuildFile; fileRef = 774B93E424249F41008237BF /* AnimatedCollectionViewLayout.swift */; };
		774B93E724249FB3008237BF /* LayoutAttributesAnimator.swift in Sources */ = {isa = PBXBuildFile; fileRef = 774B93E624249FB3008237BF /* LayoutAttributesAnimator.swift */; };
		774B93EC2424A9EB008237BF /* CardAttributesAnimator.swift in Sources */ = {isa = PBXBuildFile; fileRef = 774B93EB2424A9EB008237BF /* CardAttributesAnimator.swift */; };
		7757BC442404E4B90063ACBD /* NavigationController.swift in Sources */ = {isa = PBXBuildFile; fileRef = 7757BC432404E4B90063ACBD /* NavigationController.swift */; };
		7757BC472404E5CC0063ACBD /* Color.swift in Sources */ = {isa = PBXBuildFile; fileRef = 7757BC462404E5CC0063ACBD /* Color.swift */; };
		7757BC492404E5D50063ACBD /* Font.swift in Sources */ = {isa = PBXBuildFile; fileRef = 7757BC482404E5D50063ACBD /* Font.swift */; };
		777426B42405197B008E5810 /* TableViewCell.swift in Sources */ = {isa = PBXBuildFile; fileRef = 777426B32405197B008E5810 /* TableViewCell.swift */; };
		777426B824051ABF008E5810 /* NibRepresentable.swift in Sources */ = {isa = PBXBuildFile; fileRef = 777426B724051ABF008E5810 /* NibRepresentable.swift */; };
		777426BF24052364008E5810 /* UITableView+Nib.swift in Sources */ = {isa = PBXBuildFile; fileRef = 777426BE24052364008E5810 /* UITableView+Nib.swift */; };
		777426C1240523B5008E5810 /* NibLoadable.swift in Sources */ = {isa = PBXBuildFile; fileRef = 777426C0240523B5008E5810 /* NibLoadable.swift */; };
		777961B9240E62B70066762B /* PartnerListViewController.swift in Sources */ = {isa = PBXBuildFile; fileRef = 777961B7240E62B70066762B /* PartnerListViewController.swift */; };
		777961BA240E62B70066762B /* PartnerListViewController.xib in Resources */ = {isa = PBXBuildFile; fileRef = 777961B8240E62B70066762B /* PartnerListViewController.xib */; };
		77AAE4362417B5CB0012A9D9 /* PageViewController.swift in Sources */ = {isa = PBXBuildFile; fileRef = 77AAE4352417B5CB0012A9D9 /* PageViewController.swift */; };
		77C34B4A23FE4A4A005CFD23 /* APIService.swift in Sources */ = {isa = PBXBuildFile; fileRef = 77196A9E23FACDB5007C8C84 /* APIService.swift */; };
		77C34B4D23FFB2BB005CFD23 /* Asserts.swift in Sources */ = {isa = PBXBuildFile; fileRef = 77C34B4C23FFB2BB005CFD23 /* Asserts.swift */; };
		77C34B5023FFBDB5005CFD23 /* SendPhoneEndpointTest.swift in Sources */ = {isa = PBXBuildFile; fileRef = 77C34B4F23FFBDB5005CFD23 /* SendPhoneEndpointTest.swift */; };
		77C34B5223FFC035005CFD23 /* CheckSmsCodeEndpointTest.swift in Sources */ = {isa = PBXBuildFile; fileRef = 77C34B5123FFC035005CFD23 /* CheckSmsCodeEndpointTest.swift */; };
		77C74935240CE47400A109A0 /* View.swift in Sources */ = {isa = PBXBuildFile; fileRef = 77C74934240CE47400A109A0 /* View.swift */; };
		77C8B0FD2418D29D00B2EB3D /* PartnetListService.swift in Sources */ = {isa = PBXBuildFile; fileRef = 77C8B0FC2418D29D00B2EB3D /* PartnetListService.swift */; };
		77C8B1002418D98500B2EB3D /* ErrorItem.swift in Sources */ = {isa = PBXBuildFile; fileRef = 77C8B0FF2418D98500B2EB3D /* ErrorItem.swift */; };
		77CF6F3524066FB3000A5082 /* BarButtonItems.swift in Sources */ = {isa = PBXBuildFile; fileRef = 77CF6F3424066FB3000A5082 /* BarButtonItems.swift */; };
		80D8B5D3C407B38B80F273F1 /* LaunchScreen.storyboard in Resources */ = {isa = PBXBuildFile; fileRef = 6670A9E959007FCDBC52FF99 /* LaunchScreen.storyboard */; };
		926B9B493F14FF5395D0880B /* ApplicationConstants.swift in Sources */ = {isa = PBXBuildFile; fileRef = 53BDDBE8E4A9A24DEE719E60 /* ApplicationConstants.swift */; };
		9544F9EE242A1E7900127693 /* CurvedView.swift in Sources */ = {isa = PBXBuildFile; fileRef = 9544F9ED242A1E7900127693 /* CurvedView.swift */; };
		9547F8C3242A384800EC42A0 /* PartnerLimitCell.swift in Sources */ = {isa = PBXBuildFile; fileRef = 9547F8C1242A384800EC42A0 /* PartnerLimitCell.swift */; };
		9547F8C4242A384800EC42A0 /* PartnerLimitCell.xib in Resources */ = {isa = PBXBuildFile; fileRef = 9547F8C2242A384800EC42A0 /* PartnerLimitCell.xib */; };
		954BA2802429D091009CA09F /* PartnersEndpointTest.swift in Sources */ = {isa = PBXBuildFile; fileRef = 954BA27E2429D021009CA09F /* PartnersEndpointTest.swift */; };
		954BA2872429E67F009CA09F /* PartnterDetailedViewController.swift in Sources */ = {isa = PBXBuildFile; fileRef = 954BA2852429E67F009CA09F /* PartnterDetailedViewController.swift */; };
		954BA2882429E67F009CA09F /* PartnterDetailedViewController.xib in Resources */ = {isa = PBXBuildFile; fileRef = 954BA2862429E67F009CA09F /* PartnterDetailedViewController.xib */; };
		954BD42D242C967F00DDF91A /* PartnerLimitViewModel.swift in Sources */ = {isa = PBXBuildFile; fileRef = 954BD42C242C967F00DDF91A /* PartnerLimitViewModel.swift */; };
		954BD433242CB47700DDF91A /* PartnerDescriptionView.swift in Sources */ = {isa = PBXBuildFile; fileRef = 954BD432242CB47700DDF91A /* PartnerDescriptionView.swift */; };
		954BD435242CB90F00DDF91A /* PartnerDescriptionView.xib in Resources */ = {isa = PBXBuildFile; fileRef = 954BD434242CB90F00DDF91A /* PartnerDescriptionView.xib */; };
		955EECF9242DEB1B0096DE38 /* PartnerSerapatorView.swift in Sources */ = {isa = PBXBuildFile; fileRef = 955EECF8242DEB1B0096DE38 /* PartnerSerapatorView.swift */; };
		958BD2CE2431FCC600543642 /* PartnerLimitCollectionViewController.swift in Sources */ = {isa = PBXBuildFile; fileRef = 958BD2CD2431FCC600543642 /* PartnerLimitCollectionViewController.swift */; };
		958BD2D42432005900543642 /* LayoutGuide.swift in Sources */ = {isa = PBXBuildFile; fileRef = 958BD2D32432005900543642 /* LayoutGuide.swift */; };
		958BD2D72432239400543642 /* FadeTransition.swift in Sources */ = {isa = PBXBuildFile; fileRef = 958BD2D62432239400543642 /* FadeTransition.swift */; };
		958BD2D9243223CB00543642 /* ViewControllerTranstionAnimator.swift in Sources */ = {isa = PBXBuildFile; fileRef = 958BD2D8243223CB00543642 /* ViewControllerTranstionAnimator.swift */; };
		9599A4C6242890BE000411EC /* ShadowView.swift in Sources */ = {isa = PBXBuildFile; fileRef = 9599A4C5242890BE000411EC /* ShadowView.swift */; };
		9599A4C824289165000411EC /* ViewCorners.swift in Sources */ = {isa = PBXBuildFile; fileRef = 9599A4C724289165000411EC /* ViewCorners.swift */; };
		9599A4CF242893CB000411EC /* PartnterCell.swift in Sources */ = {isa = PBXBuildFile; fileRef = 9599A4CD242893CB000411EC /* PartnterCell.swift */; };
		9599A4D0242893CB000411EC /* PartnterCell.xib in Resources */ = {isa = PBXBuildFile; fileRef = 9599A4CE242893CB000411EC /* PartnterCell.xib */; };
		9599A4D42428AB0C000411EC /* UIImageView+Download.swift in Sources */ = {isa = PBXBuildFile; fileRef = 9599A4D32428AB0C000411EC /* UIImageView+Download.swift */; };
		9599A4D92428B09F000411EC /* UICollectionView+Nib.swift in Sources */ = {isa = PBXBuildFile; fileRef = 9599A4D82428B09F000411EC /* UICollectionView+Nib.swift */; };
		9599A4DC2428C38C000411EC /* String+Html.swift in Sources */ = {isa = PBXBuildFile; fileRef = 9599A4DB2428C38C000411EC /* String+Html.swift */; };
		9599A4DF2428D341000411EC /* CAGradientLayer.swift in Sources */ = {isa = PBXBuildFile; fileRef = 9599A4DE2428D341000411EC /* CAGradientLayer.swift */; };
		9BA3854966982881FF5B4A25 /* Pods_OmegaBankAPITests.framework in Frameworks */ = {isa = PBXBuildFile; fileRef = 012B1146DCCBAB350E6C6FFD /* Pods_OmegaBankAPITests.framework */; };
		A831740758724667D902F5D4 /* AppDelegate.swift in Sources */ = {isa = PBXBuildFile; fileRef = D7FD97D25CBF0A00A46E7A66 /* AppDelegate.swift */; };
		EC59A1286272D417102B2E2E /* Pods_OmegaBankTests.framework in Frameworks */ = {isa = PBXBuildFile; fileRef = 77A41D800F600A7016753748 /* Pods_OmegaBankTests.framework */; };
/* End PBXBuildFile section */

/* Begin PBXContainerItemProxy section */
		77196A5C23FA915E007C8C84 /* PBXContainerItemProxy */ = {
			isa = PBXContainerItemProxy;
			containerPortal = B3F7E603EE9F82DA02B4E8F0 /* Project object */;
			proxyType = 1;
			remoteGlobalIDString = 77196A5123FA915E007C8C84;
			remoteInfo = OmegaBankAPI;
		};
		77196A5E23FA915E007C8C84 /* PBXContainerItemProxy */ = {
			isa = PBXContainerItemProxy;
			containerPortal = B3F7E603EE9F82DA02B4E8F0 /* Project object */;
			proxyType = 1;
			remoteGlobalIDString = 1A7B2F3A96B474D7B6D7640F;
			remoteInfo = OmegaBank;
		};
		77196A6523FA915E007C8C84 /* PBXContainerItemProxy */ = {
			isa = PBXContainerItemProxy;
			containerPortal = B3F7E603EE9F82DA02B4E8F0 /* Project object */;
			proxyType = 1;
			remoteGlobalIDString = 77196A5123FA915E007C8C84;
			remoteInfo = OmegaBankAPI;
		};
		E31EB640952F27C54F73AA34 /* PBXContainerItemProxy */ = {
			isa = PBXContainerItemProxy;
			containerPortal = B3F7E603EE9F82DA02B4E8F0 /* Project object */;
			proxyType = 1;
			remoteGlobalIDString = 1A7B2F3A96B474D7B6D7640F;
			remoteInfo = OmegaBank;
		};
/* End PBXContainerItemProxy section */

/* Begin PBXCopyFilesBuildPhase section */
		77196A6823FA915E007C8C84 /* Embed Frameworks */ = {
			isa = PBXCopyFilesBuildPhase;
			buildActionMask = 2147483647;
			dstPath = "";
			dstSubfolderSpec = 10;
			files = (
				77196A6923FA915E007C8C84 /* OmegaBankAPI.framework in Embed Frameworks */,
			);
			name = "Embed Frameworks";
			runOnlyForDeploymentPostprocessing = 0;
		};
/* End PBXCopyFilesBuildPhase section */

/* Begin PBXFileReference section */
		00F7ED167575E28BFBEBB23D /* Pods-OmegaBankAPITests.app-store.xcconfig */ = {isa = PBXFileReference; includeInIndex = 1; lastKnownFileType = text.xcconfig; name = "Pods-OmegaBankAPITests.app-store.xcconfig"; path = "Target Support Files/Pods-OmegaBankAPITests/Pods-OmegaBankAPITests.app-store.xcconfig"; sourceTree = "<group>"; };
		012B1146DCCBAB350E6C6FFD /* Pods_OmegaBankAPITests.framework */ = {isa = PBXFileReference; explicitFileType = wrapper.framework; includeInIndex = 0; path = Pods_OmegaBankAPITests.framework; sourceTree = BUILT_PRODUCTS_DIR; };
		05E288B1C4237B0563B80A49 /* Pods_OmegaBank.framework */ = {isa = PBXFileReference; explicitFileType = wrapper.framework; includeInIndex = 0; path = Pods_OmegaBank.framework; sourceTree = BUILT_PRODUCTS_DIR; };
		06A0982154C7F786F7BC8967 /* Info.plist */ = {isa = PBXFileReference; lastKnownFileType = text.plist; path = Info.plist; sourceTree = "<group>"; };
		12F800949B545DDDA78E87E7 /* Info.plist */ = {isa = PBXFileReference; lastKnownFileType = text.plist; path = Info.plist; sourceTree = "<group>"; };
		21F7884ED66CBDF8F60523BE /* Pods-OmegaBankAPI.qa.xcconfig */ = {isa = PBXFileReference; includeInIndex = 1; lastKnownFileType = text.xcconfig; name = "Pods-OmegaBankAPI.qa.xcconfig"; path = "Target Support Files/Pods-OmegaBankAPI/Pods-OmegaBankAPI.qa.xcconfig"; sourceTree = "<group>"; };
		53BDDBE8E4A9A24DEE719E60 /* ApplicationConstants.swift */ = {isa = PBXFileReference; lastKnownFileType = sourcecode.swift; path = ApplicationConstants.swift; sourceTree = "<group>"; };
		5641AE11A7FC176697C5D344 /* Pods-OmegaBankAPITests.debug.xcconfig */ = {isa = PBXFileReference; includeInIndex = 1; lastKnownFileType = text.xcconfig; name = "Pods-OmegaBankAPITests.debug.xcconfig"; path = "Target Support Files/Pods-OmegaBankAPITests/Pods-OmegaBankAPITests.debug.xcconfig"; sourceTree = "<group>"; };
		658DAB702A03CEE79F4968D4 /* Assets.xcassets */ = {isa = PBXFileReference; lastKnownFileType = folder.assetcatalog; path = Assets.xcassets; sourceTree = "<group>"; };
		6670A9E959007FCDBC52FF99 /* LaunchScreen.storyboard */ = {isa = PBXFileReference; lastKnownFileType = file.storyboard; path = LaunchScreen.storyboard; sourceTree = "<group>"; };
		670B4953E269E99CC82A52AF /* Pods-OmegaBank.debug.xcconfig */ = {isa = PBXFileReference; includeInIndex = 1; lastKnownFileType = text.xcconfig; name = "Pods-OmegaBank.debug.xcconfig"; path = "Target Support Files/Pods-OmegaBank/Pods-OmegaBank.debug.xcconfig"; sourceTree = "<group>"; };
		6B3764A850A4D197A1767543 /* ServiceLayer.swift */ = {isa = PBXFileReference; lastKnownFileType = sourcecode.swift; path = ServiceLayer.swift; sourceTree = "<group>"; };
		74A513E3D65F3A65954B833B /* Pods-OmegaBankTests.qa.xcconfig */ = {isa = PBXFileReference; includeInIndex = 1; lastKnownFileType = text.xcconfig; name = "Pods-OmegaBankTests.qa.xcconfig"; path = "Target Support Files/Pods-OmegaBankTests/Pods-OmegaBankTests.qa.xcconfig"; sourceTree = "<group>"; };
		7700FD502412609E00210AD3 /* PartnersEndpoint.swift */ = {isa = PBXFileReference; lastKnownFileType = sourcecode.swift; path = PartnersEndpoint.swift; sourceTree = "<group>"; };
		7700FD53241262DE00210AD3 /* Partner.swift */ = {isa = PBXFileReference; lastKnownFileType = sourcecode.swift; path = Partner.swift; sourceTree = "<group>"; };
		7700FD5624126F3700210AD3 /* AppViewController.swift */ = {isa = PBXFileReference; lastKnownFileType = sourcecode.swift; path = AppViewController.swift; sourceTree = "<group>"; };
		77196A5223FA915E007C8C84 /* OmegaBankAPI.framework */ = {isa = PBXFileReference; explicitFileType = wrapper.framework; includeInIndex = 0; path = OmegaBankAPI.framework; sourceTree = BUILT_PRODUCTS_DIR; };
		77196A5423FA915E007C8C84 /* OmegaBankAPI.h */ = {isa = PBXFileReference; lastKnownFileType = sourcecode.c.h; path = OmegaBankAPI.h; sourceTree = "<group>"; };
		77196A5523FA915E007C8C84 /* Info.plist */ = {isa = PBXFileReference; lastKnownFileType = text.plist.xml; path = Info.plist; sourceTree = "<group>"; };
		77196A5A23FA915E007C8C84 /* OmegaBankAPITests.xctest */ = {isa = PBXFileReference; explicitFileType = wrapper.cfbundle; includeInIndex = 0; path = OmegaBankAPITests.xctest; sourceTree = BUILT_PRODUCTS_DIR; };
		77196A6323FA915E007C8C84 /* Info.plist */ = {isa = PBXFileReference; lastKnownFileType = text.plist.xml; path = Info.plist; sourceTree = "<group>"; };
		77196A7623FA9800007C8C84 /* Client.swift */ = {isa = PBXFileReference; lastKnownFileType = sourcecode.swift; path = Client.swift; sourceTree = "<group>"; };
		77196A7923FAAC08007C8C84 /* APIRequestAdapter.swift */ = {isa = PBXFileReference; lastKnownFileType = sourcecode.swift; path = APIRequestAdapter.swift; sourceTree = "<group>"; };
		77196A7D23FAB1EE007C8C84 /* Endpoint.swift */ = {isa = PBXFileReference; lastKnownFileType = sourcecode.swift; path = Endpoint.swift; sourceTree = "<group>"; };
		77196A7F23FAB374007C8C84 /* APIError.swift */ = {isa = PBXFileReference; lastKnownFileType = sourcecode.swift; path = APIError.swift; sourceTree = "<group>"; };
		77196A8323FAB991007C8C84 /* JsonEndpoint.swift */ = {isa = PBXFileReference; lastKnownFileType = sourcecode.swift; path = JsonEndpoint.swift; sourceTree = "<group>"; };
		77196A8523FABAB7007C8C84 /* Codable.swift */ = {isa = PBXFileReference; lastKnownFileType = sourcecode.swift; path = Codable.swift; sourceTree = "<group>"; };
		77196A8A23FAC636007C8C84 /* AuthData.swift */ = {isa = PBXFileReference; lastKnownFileType = sourcecode.swift; path = AuthData.swift; sourceTree = "<group>"; };
		77196A8C23FAC6B4007C8C84 /* URLRequest+HTTP.swift */ = {isa = PBXFileReference; lastKnownFileType = sourcecode.swift; path = "URLRequest+HTTP.swift"; sourceTree = "<group>"; };
		77196A8E23FAC747007C8C84 /* ResponseValidator.swift */ = {isa = PBXFileReference; lastKnownFileType = sourcecode.swift; path = ResponseValidator.swift; sourceTree = "<group>"; };
		77196A9023FAC77E007C8C84 /* HTTPError.swift */ = {isa = PBXFileReference; lastKnownFileType = sourcecode.swift; path = HTTPError.swift; sourceTree = "<group>"; };
		77196A9223FAC898007C8C84 /* LoginService.swift */ = {isa = PBXFileReference; lastKnownFileType = sourcecode.swift; path = LoginService.swift; sourceTree = "<group>"; };
		77196A9623FACA6C007C8C84 /* AccessTokenStorage.swift */ = {isa = PBXFileReference; lastKnownFileType = sourcecode.swift; path = AccessTokenStorage.swift; sourceTree = "<group>"; };
		77196A9823FACB58007C8C84 /* KeychainStorage.swift */ = {isa = PBXFileReference; lastKnownFileType = sourcecode.swift; path = KeychainStorage.swift; sourceTree = "<group>"; };
		77196A9A23FACC04007C8C84 /* DataStorage.swift */ = {isa = PBXFileReference; lastKnownFileType = sourcecode.swift; path = DataStorage.swift; sourceTree = "<group>"; };
		77196A9C23FACC52007C8C84 /* BoolStorage.swift */ = {isa = PBXFileReference; lastKnownFileType = sourcecode.swift; path = BoolStorage.swift; sourceTree = "<group>"; };
		77196A9E23FACDB5007C8C84 /* APIService.swift */ = {isa = PBXFileReference; lastKnownFileType = sourcecode.swift; path = APIService.swift; sourceTree = "<group>"; };
		77196AA123FBC2A0007C8C84 /* LoginViewController.swift */ = {isa = PBXFileReference; lastKnownFileType = sourcecode.swift; path = LoginViewController.swift; sourceTree = "<group>"; };
		77196AA323FBC2CE007C8C84 /* LoginViewController.xib */ = {isa = PBXFileReference; lastKnownFileType = file.xib; path = LoginViewController.xib; sourceTree = "<group>"; };
		77196AA523FBCC70007C8C84 /* SendPhoneEndpoint.swift */ = {isa = PBXFileReference; lastKnownFileType = sourcecode.swift; path = SendPhoneEndpoint.swift; sourceTree = "<group>"; };
		77196AA723FBCC82007C8C84 /* CheckSmsCodeEndpoint.swift */ = {isa = PBXFileReference; lastKnownFileType = sourcecode.swift; path = CheckSmsCodeEndpoint.swift; sourceTree = "<group>"; };
		77196AAA23FBCF3A007C8C84 /* EmptyEndpoint.swift */ = {isa = PBXFileReference; lastKnownFileType = sourcecode.swift; path = EmptyEndpoint.swift; sourceTree = "<group>"; };
		77196AAD23FCFB37007C8C84 /* Results.swift */ = {isa = PBXFileReference; lastKnownFileType = sourcecode.swift; path = Results.swift; sourceTree = "<group>"; };
		77196AAF23FD162C007C8C84 /* OmegaBank.entitlements */ = {isa = PBXFileReference; lastKnownFileType = text.plist.entitlements; path = OmegaBank.entitlements; sourceTree = "<group>"; };
		774B93E424249F41008237BF /* AnimatedCollectionViewLayout.swift */ = {isa = PBXFileReference; lastKnownFileType = sourcecode.swift; path = AnimatedCollectionViewLayout.swift; sourceTree = "<group>"; };
		774B93E624249FB3008237BF /* LayoutAttributesAnimator.swift */ = {isa = PBXFileReference; lastKnownFileType = sourcecode.swift; path = LayoutAttributesAnimator.swift; sourceTree = "<group>"; };
		774B93EB2424A9EB008237BF /* CardAttributesAnimator.swift */ = {isa = PBXFileReference; lastKnownFileType = sourcecode.swift; path = CardAttributesAnimator.swift; sourceTree = "<group>"; };
		7757BC432404E4B90063ACBD /* NavigationController.swift */ = {isa = PBXFileReference; lastKnownFileType = sourcecode.swift; path = NavigationController.swift; sourceTree = "<group>"; };
		7757BC462404E5CC0063ACBD /* Color.swift */ = {isa = PBXFileReference; lastKnownFileType = sourcecode.swift; path = Color.swift; sourceTree = "<group>"; };
		7757BC482404E5D50063ACBD /* Font.swift */ = {isa = PBXFileReference; lastKnownFileType = sourcecode.swift; path = Font.swift; sourceTree = "<group>"; };
		777426B32405197B008E5810 /* TableViewCell.swift */ = {isa = PBXFileReference; lastKnownFileType = sourcecode.swift; path = TableViewCell.swift; sourceTree = "<group>"; };
		777426B724051ABF008E5810 /* NibRepresentable.swift */ = {isa = PBXFileReference; lastKnownFileType = sourcecode.swift; path = NibRepresentable.swift; sourceTree = "<group>"; };
		777426BE24052364008E5810 /* UITableView+Nib.swift */ = {isa = PBXFileReference; lastKnownFileType = sourcecode.swift; path = "UITableView+Nib.swift"; sourceTree = "<group>"; };
		777426C0240523B5008E5810 /* NibLoadable.swift */ = {isa = PBXFileReference; lastKnownFileType = sourcecode.swift; path = NibLoadable.swift; sourceTree = "<group>"; };
		777961B7240E62B70066762B /* PartnerListViewController.swift */ = {isa = PBXFileReference; lastKnownFileType = sourcecode.swift; path = PartnerListViewController.swift; sourceTree = "<group>"; };
		777961B8240E62B70066762B /* PartnerListViewController.xib */ = {isa = PBXFileReference; lastKnownFileType = file.xib; path = PartnerListViewController.xib; sourceTree = "<group>"; };
		77A41D800F600A7016753748 /* Pods_OmegaBankTests.framework */ = {isa = PBXFileReference; explicitFileType = wrapper.framework; includeInIndex = 0; path = Pods_OmegaBankTests.framework; sourceTree = BUILT_PRODUCTS_DIR; };
		77AAE4352417B5CB0012A9D9 /* PageViewController.swift */ = {isa = PBXFileReference; lastKnownFileType = sourcecode.swift; path = PageViewController.swift; sourceTree = "<group>"; };
		77C34B4C23FFB2BB005CFD23 /* Asserts.swift */ = {isa = PBXFileReference; lastKnownFileType = sourcecode.swift; path = Asserts.swift; sourceTree = "<group>"; };
		77C34B4F23FFBDB5005CFD23 /* SendPhoneEndpointTest.swift */ = {isa = PBXFileReference; lastKnownFileType = sourcecode.swift; path = SendPhoneEndpointTest.swift; sourceTree = "<group>"; };
		77C34B5123FFC035005CFD23 /* CheckSmsCodeEndpointTest.swift */ = {isa = PBXFileReference; lastKnownFileType = sourcecode.swift; path = CheckSmsCodeEndpointTest.swift; sourceTree = "<group>"; };
		77C74934240CE47400A109A0 /* View.swift */ = {isa = PBXFileReference; lastKnownFileType = sourcecode.swift; path = View.swift; sourceTree = "<group>"; };
		77C8B0FC2418D29D00B2EB3D /* PartnetListService.swift */ = {isa = PBXFileReference; lastKnownFileType = sourcecode.swift; path = PartnetListService.swift; sourceTree = "<group>"; };
		77C8B0FF2418D98500B2EB3D /* ErrorItem.swift */ = {isa = PBXFileReference; lastKnownFileType = sourcecode.swift; path = ErrorItem.swift; sourceTree = "<group>"; };
		77CF6F3424066FB3000A5082 /* BarButtonItems.swift */ = {isa = PBXFileReference; lastKnownFileType = sourcecode.swift; path = BarButtonItems.swift; sourceTree = "<group>"; };
		7F4F1BEFA05C3C636FF85B0E /* Pods_OmegaBankAPI.framework */ = {isa = PBXFileReference; explicitFileType = wrapper.framework; includeInIndex = 0; path = Pods_OmegaBankAPI.framework; sourceTree = BUILT_PRODUCTS_DIR; };
		9283B12EFE816628821DB7C9 /* OmegaBank.app */ = {isa = PBXFileReference; explicitFileType = wrapper.application; includeInIndex = 0; path = OmegaBank.app; sourceTree = BUILT_PRODUCTS_DIR; };
		9544F9ED242A1E7900127693 /* CurvedView.swift */ = {isa = PBXFileReference; fileEncoding = 4; lastKnownFileType = sourcecode.swift; path = CurvedView.swift; sourceTree = "<group>"; };
		9547F8C1242A384800EC42A0 /* PartnerLimitCell.swift */ = {isa = PBXFileReference; lastKnownFileType = sourcecode.swift; path = PartnerLimitCell.swift; sourceTree = "<group>"; };
		9547F8C2242A384800EC42A0 /* PartnerLimitCell.xib */ = {isa = PBXFileReference; lastKnownFileType = file.xib; path = PartnerLimitCell.xib; sourceTree = "<group>"; };
		954BA27E2429D021009CA09F /* PartnersEndpointTest.swift */ = {isa = PBXFileReference; lastKnownFileType = sourcecode.swift; path = PartnersEndpointTest.swift; sourceTree = "<group>"; };
		954BA2852429E67F009CA09F /* PartnterDetailedViewController.swift */ = {isa = PBXFileReference; lastKnownFileType = sourcecode.swift; path = PartnterDetailedViewController.swift; sourceTree = "<group>"; };
		954BA2862429E67F009CA09F /* PartnterDetailedViewController.xib */ = {isa = PBXFileReference; lastKnownFileType = file.xib; path = PartnterDetailedViewController.xib; sourceTree = "<group>"; };
		954BD42C242C967F00DDF91A /* PartnerLimitViewModel.swift */ = {isa = PBXFileReference; lastKnownFileType = sourcecode.swift; path = PartnerLimitViewModel.swift; sourceTree = "<group>"; };
		954BD432242CB47700DDF91A /* PartnerDescriptionView.swift */ = {isa = PBXFileReference; lastKnownFileType = sourcecode.swift; path = PartnerDescriptionView.swift; sourceTree = "<group>"; };
		954BD434242CB90F00DDF91A /* PartnerDescriptionView.xib */ = {isa = PBXFileReference; lastKnownFileType = file.xib; path = PartnerDescriptionView.xib; sourceTree = "<group>"; };
		955EECF8242DEB1B0096DE38 /* PartnerSerapatorView.swift */ = {isa = PBXFileReference; lastKnownFileType = sourcecode.swift; path = PartnerSerapatorView.swift; sourceTree = "<group>"; };
		958BD2CD2431FCC600543642 /* PartnerLimitCollectionViewController.swift */ = {isa = PBXFileReference; lastKnownFileType = sourcecode.swift; path = PartnerLimitCollectionViewController.swift; sourceTree = "<group>"; };
		958BD2D32432005900543642 /* LayoutGuide.swift */ = {isa = PBXFileReference; lastKnownFileType = sourcecode.swift; path = LayoutGuide.swift; sourceTree = "<group>"; };
		958BD2D62432239400543642 /* FadeTransition.swift */ = {isa = PBXFileReference; lastKnownFileType = sourcecode.swift; path = FadeTransition.swift; sourceTree = "<group>"; };
		958BD2D8243223CB00543642 /* ViewControllerTranstionAnimator.swift */ = {isa = PBXFileReference; lastKnownFileType = sourcecode.swift; path = ViewControllerTranstionAnimator.swift; sourceTree = "<group>"; };
		9599A4C5242890BE000411EC /* ShadowView.swift */ = {isa = PBXFileReference; lastKnownFileType = sourcecode.swift; path = ShadowView.swift; sourceTree = "<group>"; };
		9599A4C724289165000411EC /* ViewCorners.swift */ = {isa = PBXFileReference; lastKnownFileType = sourcecode.swift; path = ViewCorners.swift; sourceTree = "<group>"; };
		9599A4CD242893CB000411EC /* PartnterCell.swift */ = {isa = PBXFileReference; lastKnownFileType = sourcecode.swift; path = PartnterCell.swift; sourceTree = "<group>"; };
		9599A4CE242893CB000411EC /* PartnterCell.xib */ = {isa = PBXFileReference; lastKnownFileType = file.xib; path = PartnterCell.xib; sourceTree = "<group>"; };
		9599A4D32428AB0C000411EC /* UIImageView+Download.swift */ = {isa = PBXFileReference; lastKnownFileType = sourcecode.swift; path = "UIImageView+Download.swift"; sourceTree = "<group>"; };
		9599A4D82428B09F000411EC /* UICollectionView+Nib.swift */ = {isa = PBXFileReference; lastKnownFileType = sourcecode.swift; path = "UICollectionView+Nib.swift"; sourceTree = "<group>"; };
		9599A4DB2428C38C000411EC /* String+Html.swift */ = {isa = PBXFileReference; lastKnownFileType = sourcecode.swift; path = "String+Html.swift"; sourceTree = "<group>"; };
		9599A4DE2428D341000411EC /* CAGradientLayer.swift */ = {isa = PBXFileReference; lastKnownFileType = sourcecode.swift; path = CAGradientLayer.swift; sourceTree = "<group>"; };
		A5401470BFB663925E2CEA6E /* OmegaBankTests.xctest */ = {isa = PBXFileReference; explicitFileType = wrapper.cfbundle; includeInIndex = 0; path = OmegaBankTests.xctest; sourceTree = BUILT_PRODUCTS_DIR; };
		A6CCA46F7A338FEA9569BC87 /* Pods-OmegaBankAPI.app-store.xcconfig */ = {isa = PBXFileReference; includeInIndex = 1; lastKnownFileType = text.xcconfig; name = "Pods-OmegaBankAPI.app-store.xcconfig"; path = "Target Support Files/Pods-OmegaBankAPI/Pods-OmegaBankAPI.app-store.xcconfig"; sourceTree = "<group>"; };
		A8B33C0F2873D23A021D58D9 /* Pods-OmegaBankAPI.debug.xcconfig */ = {isa = PBXFileReference; includeInIndex = 1; lastKnownFileType = text.xcconfig; name = "Pods-OmegaBankAPI.debug.xcconfig"; path = "Target Support Files/Pods-OmegaBankAPI/Pods-OmegaBankAPI.debug.xcconfig"; sourceTree = "<group>"; };
		B0282662B6DEF0C953141AB3 /* Pods-OmegaBank.qa.xcconfig */ = {isa = PBXFileReference; includeInIndex = 1; lastKnownFileType = text.xcconfig; name = "Pods-OmegaBank.qa.xcconfig"; path = "Target Support Files/Pods-OmegaBank/Pods-OmegaBank.qa.xcconfig"; sourceTree = "<group>"; };
		B79A5467BD3E86D8CEC94729 /* Pods-OmegaBankTests.app-store.xcconfig */ = {isa = PBXFileReference; includeInIndex = 1; lastKnownFileType = text.xcconfig; name = "Pods-OmegaBankTests.app-store.xcconfig"; path = "Target Support Files/Pods-OmegaBankTests/Pods-OmegaBankTests.app-store.xcconfig"; sourceTree = "<group>"; };
		C4AFAFE259F9C1B9DAE51644 /* .gitkeep */ = {isa = PBXFileReference; lastKnownFileType = text; path = .gitkeep; sourceTree = "<group>"; };
		D09FFEE72A0FC8C20BA4CE3B /* ApiConstants.swift */ = {isa = PBXFileReference; lastKnownFileType = sourcecode.swift; path = ApiConstants.swift; sourceTree = "<group>"; };
		D7FD97D25CBF0A00A46E7A66 /* AppDelegate.swift */ = {isa = PBXFileReference; lastKnownFileType = sourcecode.swift; path = AppDelegate.swift; sourceTree = "<group>"; };
		E6E9DC4585A7041B83A48D18 /* Pods-OmegaBankAPITests.qa.xcconfig */ = {isa = PBXFileReference; includeInIndex = 1; lastKnownFileType = text.xcconfig; name = "Pods-OmegaBankAPITests.qa.xcconfig"; path = "Target Support Files/Pods-OmegaBankAPITests/Pods-OmegaBankAPITests.qa.xcconfig"; sourceTree = "<group>"; };
		F32599AA48444258A623E162 /* Pods-OmegaBankTests.debug.xcconfig */ = {isa = PBXFileReference; includeInIndex = 1; lastKnownFileType = text.xcconfig; name = "Pods-OmegaBankTests.debug.xcconfig"; path = "Target Support Files/Pods-OmegaBankTests/Pods-OmegaBankTests.debug.xcconfig"; sourceTree = "<group>"; };
		F4D13CCECF9ABE420FFF25BC /* OmegaBankTests.swift */ = {isa = PBXFileReference; lastKnownFileType = sourcecode.swift; path = OmegaBankTests.swift; sourceTree = "<group>"; };
		FE5FD665DF2DA830858C8539 /* Pods-OmegaBank.app-store.xcconfig */ = {isa = PBXFileReference; includeInIndex = 1; lastKnownFileType = text.xcconfig; name = "Pods-OmegaBank.app-store.xcconfig"; path = "Target Support Files/Pods-OmegaBank/Pods-OmegaBank.app-store.xcconfig"; sourceTree = "<group>"; };
/* End PBXFileReference section */

/* Begin PBXFrameworksBuildPhase section */
		1C586945A718D70FAC6D2079 /* Frameworks */ = {
			isa = PBXFrameworksBuildPhase;
			buildActionMask = 2147483647;
			files = (
				5A176ED273F4379989CCEFB8 /* Pods_OmegaBank.framework in Frameworks */,
				77196A6723FA915E007C8C84 /* OmegaBankAPI.framework in Frameworks */,
			);
			runOnlyForDeploymentPostprocessing = 0;
		};
		77196A4F23FA915E007C8C84 /* Frameworks */ = {
			isa = PBXFrameworksBuildPhase;
			buildActionMask = 2147483647;
			files = (
				306126D87C00665EC66607E3 /* Pods_OmegaBankAPI.framework in Frameworks */,
			);
			runOnlyForDeploymentPostprocessing = 0;
		};
		77196A5723FA915E007C8C84 /* Frameworks */ = {
			isa = PBXFrameworksBuildPhase;
			buildActionMask = 2147483647;
			files = (
				77196A5B23FA915E007C8C84 /* OmegaBankAPI.framework in Frameworks */,
				9BA3854966982881FF5B4A25 /* Pods_OmegaBankAPITests.framework in Frameworks */,
			);
			runOnlyForDeploymentPostprocessing = 0;
		};
		7BB67672F64200C770BB8581 /* Frameworks */ = {
			isa = PBXFrameworksBuildPhase;
			buildActionMask = 2147483647;
			files = (
				EC59A1286272D417102B2E2E /* Pods_OmegaBankTests.framework in Frameworks */,
			);
			runOnlyForDeploymentPostprocessing = 0;
		};
/* End PBXFrameworksBuildPhase section */

/* Begin PBXGroup section */
		0456EC851FAE5D627EFD2E37 /* Supporting Files */ = {
			isa = PBXGroup;
			children = (
				06A0982154C7F786F7BC8967 /* Info.plist */,
				77196AAF23FD162C007C8C84 /* OmegaBank.entitlements */,
			);
			path = "Supporting Files";
			sourceTree = "<group>";
		};
		0FC2005DF7280A5FEE7A4853 /* Presentation */ = {
			isa = PBXGroup;
			children = (
				7757BC412404E47B0063ACBD /* Common */,
				777961B1240E62210066762B /* PartnerList */,
				9547F8BD242A37E300EC42A0 /* PartnerDetailed */,
				77196AA023FBC288007C8C84 /* Auth */,
				7EFAA648B5E788AA04BFB980 /* Launch */,
			);
			path = Presentation;
			sourceTree = "<group>";
		};
		192ADA30B0326B78BC60E29B /* Constants */ = {
			isa = PBXGroup;
			children = (
				D09FFEE72A0FC8C20BA4CE3B /* ApiConstants.swift */,
				53BDDBE8E4A9A24DEE719E60 /* ApplicationConstants.swift */,
			);
			path = Constants;
			sourceTree = "<group>";
		};
		22368E87F95CD228FAD9808D /* Service */ = {
			isa = PBXGroup;
			children = (
				77196A9223FAC898007C8C84 /* LoginService.swift */,
				77C8B0FC2418D29D00B2EB3D /* PartnetListService.swift */,
			);
			path = Service;
			sourceTree = "<group>";
		};
		49A7CD2B1300A9481E1B5BA8 /* Products */ = {
			isa = PBXGroup;
			children = (
				9283B12EFE816628821DB7C9 /* OmegaBank.app */,
				A5401470BFB663925E2CEA6E /* OmegaBankTests.xctest */,
				77196A5223FA915E007C8C84 /* OmegaBankAPI.framework */,
				77196A5A23FA915E007C8C84 /* OmegaBankAPITests.xctest */,
			);
			name = Products;
			sourceTree = "<group>";
		};
		68507F20657486F6C872BB56 /* Business Logic */ = {
			isa = PBXGroup;
			children = (
				77196A9423FACA48007C8C84 /* Helper */,
				192ADA30B0326B78BC60E29B /* Constants */,
				97D4E80384A708717CB3ACE1 /* Model */,
				22368E87F95CD228FAD9808D /* Service */,
				6B3764A850A4D197A1767543 /* ServiceLayer.swift */,
			);
			path = "Business Logic";
			sourceTree = "<group>";
		};
		706F4C8B4B9EF5BBFADB0B0A /* Pods */ = {
			isa = PBXGroup;
			children = (
				FE5FD665DF2DA830858C8539 /* Pods-OmegaBank.app-store.xcconfig */,
				670B4953E269E99CC82A52AF /* Pods-OmegaBank.debug.xcconfig */,
				B0282662B6DEF0C953141AB3 /* Pods-OmegaBank.qa.xcconfig */,
				B79A5467BD3E86D8CEC94729 /* Pods-OmegaBankTests.app-store.xcconfig */,
				F32599AA48444258A623E162 /* Pods-OmegaBankTests.debug.xcconfig */,
				74A513E3D65F3A65954B833B /* Pods-OmegaBankTests.qa.xcconfig */,
				A6CCA46F7A338FEA9569BC87 /* Pods-OmegaBankAPI.app-store.xcconfig */,
				A8B33C0F2873D23A021D58D9 /* Pods-OmegaBankAPI.debug.xcconfig */,
				21F7884ED66CBDF8F60523BE /* Pods-OmegaBankAPI.qa.xcconfig */,
				00F7ED167575E28BFBEBB23D /* Pods-OmegaBankAPITests.app-store.xcconfig */,
				5641AE11A7FC176697C5D344 /* Pods-OmegaBankAPITests.debug.xcconfig */,
				E6E9DC4585A7041B83A48D18 /* Pods-OmegaBankAPITests.qa.xcconfig */,
			);
			path = Pods;
			sourceTree = "<group>";
		};
		77196A4C23FA8F90007C8C84 /* OmegaBankFrameworks */ = {
			isa = PBXGroup;
			children = (
				77196A5323FA915E007C8C84 /* OmegaBankAPI */,
				77196A6023FA915E007C8C84 /* OmegaBankAPITests */,
			);
			path = OmegaBankFrameworks;
			sourceTree = "<group>";
		};
		77196A5323FA915E007C8C84 /* OmegaBankAPI */ = {
			isa = PBXGroup;
			children = (
				77196A7523FA97CF007C8C84 /* Source */,
				77196A7423FA91F0007C8C84 /* Supporting Files */,
			);
			path = OmegaBankAPI;
			sourceTree = "<group>";
		};
		77196A6023FA915E007C8C84 /* OmegaBankAPITests */ = {
			isa = PBXGroup;
			children = (
				77C34B4B23FFB299005CFD23 /* Common */,
				77C34B4E23FFBD11005CFD23 /* Tests */,
				77196A6323FA915E007C8C84 /* Info.plist */,
			);
			path = OmegaBankAPITests;
			sourceTree = "<group>";
		};
		77196A7223FA91C2007C8C84 /* Business Logic */ = {
			isa = PBXGroup;
			children = (
				77196A7323FA91D4007C8C84 /* Service */,
			);
			path = "Business Logic";
			sourceTree = "<group>";
		};
		77196A7323FA91D4007C8C84 /* Service */ = {
			isa = PBXGroup;
			children = (
				77196A9E23FACDB5007C8C84 /* APIService.swift */,
			);
			path = Service;
			sourceTree = "<group>";
		};
		77196A7423FA91F0007C8C84 /* Supporting Files */ = {
			isa = PBXGroup;
			children = (
				77196A5423FA915E007C8C84 /* OmegaBankAPI.h */,
				77196A5523FA915E007C8C84 /* Info.plist */,
			);
			path = "Supporting Files";
			sourceTree = "<group>";
		};
		77196A7523FA97CF007C8C84 /* Source */ = {
			isa = PBXGroup;
			children = (
				77196A7223FA91C2007C8C84 /* Business Logic */,
				77196A8923FAC61D007C8C84 /* Model */,
				77196A7823FAAAE8007C8C84 /* Common */,
				77196A7B23FAB185007C8C84 /* Endpoint */,
				77196A7623FA9800007C8C84 /* Client.swift */,
			);
			path = Source;
			sourceTree = "<group>";
		};
		77196A7823FAAAE8007C8C84 /* Common */ = {
			isa = PBXGroup;
			children = (
				77196A7923FAAC08007C8C84 /* APIRequestAdapter.swift */,
				77196A7F23FAB374007C8C84 /* APIError.swift */,
				77196A8523FABAB7007C8C84 /* Codable.swift */,
				77196A8C23FAC6B4007C8C84 /* URLRequest+HTTP.swift */,
				77196A8E23FAC747007C8C84 /* ResponseValidator.swift */,
				77196A9023FAC77E007C8C84 /* HTTPError.swift */,
			);
			path = Common;
			sourceTree = "<group>";
		};
		77196A7B23FAB185007C8C84 /* Endpoint */ = {
			isa = PBXGroup;
			children = (
				77196A7C23FAB1CC007C8C84 /* Base */,
				77196AA523FBCC70007C8C84 /* SendPhoneEndpoint.swift */,
				77196AA723FBCC82007C8C84 /* CheckSmsCodeEndpoint.swift */,
				7700FD502412609E00210AD3 /* PartnersEndpoint.swift */,
			);
			path = Endpoint;
			sourceTree = "<group>";
		};
		77196A7C23FAB1CC007C8C84 /* Base */ = {
			isa = PBXGroup;
			children = (
				77196A7D23FAB1EE007C8C84 /* Endpoint.swift */,
				77196A8323FAB991007C8C84 /* JsonEndpoint.swift */,
				77196AAA23FBCF3A007C8C84 /* EmptyEndpoint.swift */,
			);
			path = Base;
			sourceTree = "<group>";
		};
		77196A8923FAC61D007C8C84 /* Model */ = {
			isa = PBXGroup;
			children = (
				77196A8A23FAC636007C8C84 /* AuthData.swift */,
				7700FD53241262DE00210AD3 /* Partner.swift */,
			);
			path = Model;
			sourceTree = "<group>";
		};
		77196A9423FACA48007C8C84 /* Helper */ = {
			isa = PBXGroup;
			children = (
				77196A9523FACA4E007C8C84 /* Storage */,
				77196AAD23FCFB37007C8C84 /* Results.swift */,
			);
			path = Helper;
			sourceTree = "<group>";
		};
		77196A9523FACA4E007C8C84 /* Storage */ = {
			isa = PBXGroup;
			children = (
				77196A9623FACA6C007C8C84 /* AccessTokenStorage.swift */,
				77196A9823FACB58007C8C84 /* KeychainStorage.swift */,
				77196A9A23FACC04007C8C84 /* DataStorage.swift */,
				77196A9C23FACC52007C8C84 /* BoolStorage.swift */,
			);
			path = Storage;
			sourceTree = "<group>";
		};
		77196AA023FBC288007C8C84 /* Auth */ = {
			isa = PBXGroup;
			children = (
				9599A4DD2428C48D000411EC /* View */,
				77196AB223FD3E04007C8C84 /* View Controller */,
			);
			path = Auth;
			sourceTree = "<group>";
		};
		77196AB223FD3E04007C8C84 /* View Controller */ = {
			isa = PBXGroup;
			children = (
				77196AA123FBC2A0007C8C84 /* LoginViewController.swift */,
				77196AA323FBC2CE007C8C84 /* LoginViewController.xib */,
			);
			path = "View Controller";
			sourceTree = "<group>";
		};
		774B93E82424A8DE008237BF /* CollectionViewController */ = {
			isa = PBXGroup;
			children = (
				774B93E92424A913008237BF /* Layout */,
			);
			path = CollectionViewController;
			sourceTree = "<group>";
		};
		774B93E92424A913008237BF /* Layout */ = {
			isa = PBXGroup;
			children = (
				774B93EA2424A9C0008237BF /* Animators */,
				774B93E424249F41008237BF /* AnimatedCollectionViewLayout.swift */,
				774B93E624249FB3008237BF /* LayoutAttributesAnimator.swift */,
			);
			path = Layout;
			sourceTree = "<group>";
		};
		774B93EA2424A9C0008237BF /* Animators */ = {
			isa = PBXGroup;
			children = (
				774B93EB2424A9EB008237BF /* CardAttributesAnimator.swift */,
			);
			path = Animators;
			sourceTree = "<group>";
		};
		7757BC412404E47B0063ACBD /* Common */ = {
			isa = PBXGroup;
			children = (
				958BD2D52432237D00543642 /* Transition */,
				9599A4DA2428C36C000411EC /* Helper */,
				774B93E82424A8DE008237BF /* CollectionViewController */,
				777426B224051967008E5810 /* View */,
				7757BC452404E5B40063ACBD /* Appearence */,
				7757BC422404E4860063ACBD /* ViewController */,
			);
			path = Common;
			sourceTree = "<group>";
		};
		7757BC422404E4860063ACBD /* ViewController */ = {
			isa = PBXGroup;
			children = (
				77C8B0FE2418D97500B2EB3D /* Error */,
				7757BC432404E4B90063ACBD /* NavigationController.swift */,
				77AAE4352417B5CB0012A9D9 /* PageViewController.swift */,
			);
			path = ViewController;
			sourceTree = "<group>";
		};
		7757BC452404E5B40063ACBD /* Appearence */ = {
			isa = PBXGroup;
			children = (
				7757BC462404E5CC0063ACBD /* Color.swift */,
				7757BC482404E5D50063ACBD /* Font.swift */,
			);
			path = Appearence;
			sourceTree = "<group>";
		};
		777426B224051967008E5810 /* View */ = {
			isa = PBXGroup;
			children = (
				777426B624051AA6008E5810 /* Helper */,
				9599A4D12428AADF000411EC /* Image */,
				77C74930240CE41000A109A0 /* Cell */,
				77C74931240CE41F00A109A0 /* View */,
			);
			path = View;
			sourceTree = "<group>";
		};
		777426B624051AA6008E5810 /* Helper */ = {
			isa = PBXGroup;
			children = (
				777426B724051ABF008E5810 /* NibRepresentable.swift */,
				958BD2D32432005900543642 /* LayoutGuide.swift */,
				777426BE24052364008E5810 /* UITableView+Nib.swift */,
				9599A4D82428B09F000411EC /* UICollectionView+Nib.swift */,
				777426C0240523B5008E5810 /* NibLoadable.swift */,
				77CF6F3424066FB3000A5082 /* BarButtonItems.swift */,
				9599A4C724289165000411EC /* ViewCorners.swift */,
			);
			path = Helper;
			sourceTree = "<group>";
		};
		777961B1240E62210066762B /* PartnerList */ = {
			isa = PBXGroup;
			children = (
				9599A4C9242892B4000411EC /* View */,
				777961B6240E625A0066762B /* View Controller */,
			);
			path = PartnerList;
			sourceTree = "<group>";
		};
		777961B6240E625A0066762B /* View Controller */ = {
			isa = PBXGroup;
			children = (
				777961B7240E62B70066762B /* PartnerListViewController.swift */,
				777961B8240E62B70066762B /* PartnerListViewController.xib */,
			);
			path = "View Controller";
			sourceTree = "<group>";
		};
		77A14C4DF8965B3856AAB950 /* Frameworks */ = {
			isa = PBXGroup;
			children = (
				05E288B1C4237B0563B80A49 /* Pods_OmegaBank.framework */,
				77A41D800F600A7016753748 /* Pods_OmegaBankTests.framework */,
				7F4F1BEFA05C3C636FF85B0E /* Pods_OmegaBankAPI.framework */,
				012B1146DCCBAB350E6C6FFD /* Pods_OmegaBankAPITests.framework */,
			);
			name = Frameworks;
			sourceTree = "<group>";
		};
		77C34B4B23FFB299005CFD23 /* Common */ = {
			isa = PBXGroup;
			children = (
				77C34B4C23FFB2BB005CFD23 /* Asserts.swift */,
			);
			path = Common;
			sourceTree = "<group>";
		};
		77C34B4E23FFBD11005CFD23 /* Tests */ = {
			isa = PBXGroup;
			children = (
				77C34B4F23FFBDB5005CFD23 /* SendPhoneEndpointTest.swift */,
				77C34B5123FFC035005CFD23 /* CheckSmsCodeEndpointTest.swift */,
				954BA27E2429D021009CA09F /* PartnersEndpointTest.swift */,
			);
			path = Tests;
			sourceTree = "<group>";
		};
		77C74930240CE41000A109A0 /* Cell */ = {
			isa = PBXGroup;
			children = (
				777426B32405197B008E5810 /* TableViewCell.swift */,
			);
			path = Cell;
			sourceTree = "<group>";
		};
		77C74931240CE41F00A109A0 /* View */ = {
			isa = PBXGroup;
			children = (
				9544F9ED242A1E7900127693 /* CurvedView.swift */,
				77C74934240CE47400A109A0 /* View.swift */,
				9599A4C5242890BE000411EC /* ShadowView.swift */,
			);
			path = View;
			sourceTree = "<group>";
		};
		77C8B0FE2418D97500B2EB3D /* Error */ = {
			isa = PBXGroup;
			children = (
				77C8B0FF2418D98500B2EB3D /* ErrorItem.swift */,
			);
			path = Error;
			sourceTree = "<group>";
		};
		7EFAA648B5E788AA04BFB980 /* Launch */ = {
			isa = PBXGroup;
			children = (
				6670A9E959007FCDBC52FF99 /* LaunchScreen.storyboard */,
			);
			path = Launch;
			sourceTree = "<group>";
		};
		9547F8BD242A37E300EC42A0 /* PartnerDetailed */ = {
			isa = PBXGroup;
			children = (
				954BD42B242C95E900DDF91A /* Model */,
				9547F8BF242A381B00EC42A0 /* View */,
				9547F8BE242A37FB00EC42A0 /* View Controller */,
			);
			path = PartnerDetailed;
			sourceTree = "<group>";
		};
		9547F8BE242A37FB00EC42A0 /* View Controller */ = {
			isa = PBXGroup;
			children = (
				954BA2852429E67F009CA09F /* PartnterDetailedViewController.swift */,
				954BA2862429E67F009CA09F /* PartnterDetailedViewController.xib */,
				958BD2CD2431FCC600543642 /* PartnerLimitCollectionViewController.swift */,
			);
			path = "View Controller";
			sourceTree = "<group>";
		};
		9547F8BF242A381B00EC42A0 /* View */ = {
			isa = PBXGroup;
			children = (
				9547F8C0242A381E00EC42A0 /* Cell */,
				954BD432242CB47700DDF91A /* PartnerDescriptionView.swift */,
				954BD434242CB90F00DDF91A /* PartnerDescriptionView.xib */,
				955EECF8242DEB1B0096DE38 /* PartnerSerapatorView.swift */,
			);
			path = View;
			sourceTree = "<group>";
		};
		9547F8C0242A381E00EC42A0 /* Cell */ = {
			isa = PBXGroup;
			children = (
				9547F8C1242A384800EC42A0 /* PartnerLimitCell.swift */,
				9547F8C2242A384800EC42A0 /* PartnerLimitCell.xib */,
			);
			path = Cell;
			sourceTree = "<group>";
		};
		954BD42B242C95E900DDF91A /* Model */ = {
			isa = PBXGroup;
			children = (
				954BD42C242C967F00DDF91A /* PartnerLimitViewModel.swift */,
			);
			path = Model;
			sourceTree = "<group>";
		};
		958BD2D52432237D00543642 /* Transition */ = {
			isa = PBXGroup;
			children = (
				958BD2D62432239400543642 /* FadeTransition.swift */,
				958BD2D8243223CB00543642 /* ViewControllerTranstionAnimator.swift */,
			);
			path = Transition;
			sourceTree = "<group>";
		};
		9599A4C9242892B4000411EC /* View */ = {
			isa = PBXGroup;
			children = (
				9599A4CA242892BA000411EC /* Cell */,
			);
			path = View;
			sourceTree = "<group>";
		};
		9599A4CA242892BA000411EC /* Cell */ = {
			isa = PBXGroup;
			children = (
				9599A4CD242893CB000411EC /* PartnterCell.swift */,
				9599A4CE242893CB000411EC /* PartnterCell.xib */,
			);
			path = Cell;
			sourceTree = "<group>";
		};
		9599A4D12428AADF000411EC /* Image */ = {
			isa = PBXGroup;
			children = (
				9599A4D22428AAE8000411EC /* Helper */,
			);
			path = Image;
			sourceTree = "<group>";
		};
		9599A4D22428AAE8000411EC /* Helper */ = {
			isa = PBXGroup;
			children = (
				9599A4D32428AB0C000411EC /* UIImageView+Download.swift */,
			);
			path = Helper;
			sourceTree = "<group>";
		};
		9599A4DA2428C36C000411EC /* Helper */ = {
			isa = PBXGroup;
			children = (
				9599A4DB2428C38C000411EC /* String+Html.swift */,
				9599A4DE2428D341000411EC /* CAGradientLayer.swift */,
			);
			path = Helper;
			sourceTree = "<group>";
		};
		9599A4DD2428C48D000411EC /* View */ = {
			isa = PBXGroup;
			children = (
			);
			path = View;
			sourceTree = "<group>";
		};
		97D4E80384A708717CB3ACE1 /* Model */ = {
			isa = PBXGroup;
			children = (
				C4AFAFE259F9C1B9DAE51644 /* .gitkeep */,
			);
			path = Model;
			sourceTree = "<group>";
		};
		9BCD388ED1D3671CF771E22C /* OmegaBank */ = {
			isa = PBXGroup;
			children = (
				D71718D22A2970D059BB6E40 /* Classes */,
				D90746AE75F4CC2CB3A82FBD /* Resources */,
				0456EC851FAE5D627EFD2E37 /* Supporting Files */,
			);
			path = OmegaBank;
			sourceTree = "<group>";
		};
		AF83BE1EE06BC13F31AAD8DC /* OmegaBankTests */ = {
			isa = PBXGroup;
			children = (
				DCF5D40C51D5B5F77B629AA2 /* Supporting Files */,
				F4D13CCECF9ABE420FFF25BC /* OmegaBankTests.swift */,
			);
			path = OmegaBankTests;
			sourceTree = "<group>";
		};
		D71718D22A2970D059BB6E40 /* Classes */ = {
			isa = PBXGroup;
			children = (
				EB77C1EF7A96F267D3B590DF /* Application */,
				68507F20657486F6C872BB56 /* Business Logic */,
				0FC2005DF7280A5FEE7A4853 /* Presentation */,
			);
			path = Classes;
			sourceTree = "<group>";
		};
		D90746AE75F4CC2CB3A82FBD /* Resources */ = {
			isa = PBXGroup;
			children = (
				658DAB702A03CEE79F4968D4 /* Assets.xcassets */,
			);
			path = Resources;
			sourceTree = "<group>";
		};
		DCF5D40C51D5B5F77B629AA2 /* Supporting Files */ = {
			isa = PBXGroup;
			children = (
				12F800949B545DDDA78E87E7 /* Info.plist */,
			);
			path = "Supporting Files";
			sourceTree = "<group>";
		};
		EB77C1EF7A96F267D3B590DF /* Application */ = {
			isa = PBXGroup;
			children = (
				D7FD97D25CBF0A00A46E7A66 /* AppDelegate.swift */,
				7700FD5624126F3700210AD3 /* AppViewController.swift */,
			);
			path = Application;
			sourceTree = "<group>";
		};
		F169C3A7E19F841DC793E691 = {
			isa = PBXGroup;
			children = (
				9BCD388ED1D3671CF771E22C /* OmegaBank */,
				AF83BE1EE06BC13F31AAD8DC /* OmegaBankTests */,
				77196A4C23FA8F90007C8C84 /* OmegaBankFrameworks */,
				49A7CD2B1300A9481E1B5BA8 /* Products */,
				706F4C8B4B9EF5BBFADB0B0A /* Pods */,
				77A14C4DF8965B3856AAB950 /* Frameworks */,
			);
			sourceTree = "<group>";
		};
/* End PBXGroup section */

/* Begin PBXHeadersBuildPhase section */
		77196A4D23FA915E007C8C84 /* Headers */ = {
			isa = PBXHeadersBuildPhase;
			buildActionMask = 2147483647;
			files = (
				77196A6423FA915E007C8C84 /* OmegaBankAPI.h in Headers */,
			);
			runOnlyForDeploymentPostprocessing = 0;
		};
/* End PBXHeadersBuildPhase section */

/* Begin PBXNativeTarget section */
		1A7B2F3A96B474D7B6D7640F /* OmegaBank */ = {
			isa = PBXNativeTarget;
			buildConfigurationList = FCC4AC414AC9D154B3FD69DE /* Build configuration list for PBXNativeTarget "OmegaBank" */;
			buildPhases = (
				F67E67FFAFEEA913DCFB2CDE /* [CP] Check Pods Manifest.lock */,
				4D47B14A7F1FFB12E16E658B /* SwiftLint */,
				5A99F0724B51FD218DF7FCDA /* Sources */,
				A57BB72FA754E1D574F3D67A /* Resources */,
				2C9F440BEDC9520B8CD203A5 /* Fabric */,
				1C586945A718D70FAC6D2079 /* Frameworks */,
				77196A6823FA915E007C8C84 /* Embed Frameworks */,
				5634543CE8101A8988B149B5 /* [CP] Embed Pods Frameworks */,
			);
			buildRules = (
			);
			dependencies = (
				77196A6623FA915E007C8C84 /* PBXTargetDependency */,
			);
			name = OmegaBank;
			productName = OmegaBank;
			productReference = 9283B12EFE816628821DB7C9 /* OmegaBank.app */;
			productType = "com.apple.product-type.application";
		};
		77196A5123FA915E007C8C84 /* OmegaBankAPI */ = {
			isa = PBXNativeTarget;
			buildConfigurationList = 77196A6A23FA915E007C8C84 /* Build configuration list for PBXNativeTarget "OmegaBankAPI" */;
			buildPhases = (
				73B7651D64DEAC576CE5DEED /* [CP] Check Pods Manifest.lock */,
				77196A4D23FA915E007C8C84 /* Headers */,
				77196A4E23FA915E007C8C84 /* Sources */,
				77196A4F23FA915E007C8C84 /* Frameworks */,
				77196A5023FA915E007C8C84 /* Resources */,
			);
			buildRules = (
			);
			dependencies = (
			);
			name = OmegaBankAPI;
			productName = OmegaBankAPI;
			productReference = 77196A5223FA915E007C8C84 /* OmegaBankAPI.framework */;
			productType = "com.apple.product-type.framework";
		};
		77196A5923FA915E007C8C84 /* OmegaBankAPITests */ = {
			isa = PBXNativeTarget;
			buildConfigurationList = 77196A6E23FA915E007C8C84 /* Build configuration list for PBXNativeTarget "OmegaBankAPITests" */;
			buildPhases = (
				0D3E762744A43EEBC4390D5A /* [CP] Check Pods Manifest.lock */,
				77196A5623FA915E007C8C84 /* Sources */,
				77196A5723FA915E007C8C84 /* Frameworks */,
				77196A5823FA915E007C8C84 /* Resources */,
			);
			buildRules = (
			);
			dependencies = (
				77196A5D23FA915E007C8C84 /* PBXTargetDependency */,
				77196A5F23FA915E007C8C84 /* PBXTargetDependency */,
			);
			name = OmegaBankAPITests;
			productName = OmegaBankAPITests;
			productReference = 77196A5A23FA915E007C8C84 /* OmegaBankAPITests.xctest */;
			productType = "com.apple.product-type.bundle.unit-test";
		};
		8E4C42559AE79B09CDC9A6B7 /* OmegaBankTests */ = {
			isa = PBXNativeTarget;
			buildConfigurationList = 6CA0F14673B535FD6DEBEA4B /* Build configuration list for PBXNativeTarget "OmegaBankTests" */;
			buildPhases = (
				C33ECC39BADF9F5EF4F8499D /* [CP] Check Pods Manifest.lock */,
				C135D8F5A84309E271CE5703 /* Sources */,
				7BB67672F64200C770BB8581 /* Frameworks */,
				BB6B4E09EAE93A2958626CC6 /* [CP] Embed Pods Frameworks */,
			);
			buildRules = (
			);
			dependencies = (
				640CF3A4D2D70665D2A5B681 /* PBXTargetDependency */,
			);
			name = OmegaBankTests;
			productName = OmegaBankTests;
			productReference = A5401470BFB663925E2CEA6E /* OmegaBankTests.xctest */;
			productType = "com.apple.product-type.bundle.unit-test";
		};
/* End PBXNativeTarget section */

/* Begin PBXProject section */
		B3F7E603EE9F82DA02B4E8F0 /* Project object */ = {
			isa = PBXProject;
			attributes = {
				LastSwiftUpdateCheck = 1130;
				LastUpgradeCheck = 1020;
				ORGANIZATIONNAME = RedMadRobot;
				TargetAttributes = {
					1A7B2F3A96B474D7B6D7640F = {
						ProvisioningStyle = Automatic;
					};
					77196A5123FA915E007C8C84 = {
						CreatedOnToolsVersion = 11.3.1;
						LastSwiftMigration = 1130;
					};
					77196A5923FA915E007C8C84 = {
						CreatedOnToolsVersion = 11.3.1;
						TestTargetID = 1A7B2F3A96B474D7B6D7640F;
					};
					8E4C42559AE79B09CDC9A6B7 = {
						ProvisioningStyle = Automatic;
						TestTargetID = 1A7B2F3A96B474D7B6D7640F;
					};
				};
			};
			buildConfigurationList = F67E94FAFE81BB4E49D6ED0C /* Build configuration list for PBXProject "OmegaBank" */;
			compatibilityVersion = "Xcode 10.0";
			developmentRegion = en;
			hasScannedForEncodings = 0;
			knownRegions = (
				Base,
				en,
			);
			mainGroup = F169C3A7E19F841DC793E691;
			productRefGroup = 49A7CD2B1300A9481E1B5BA8 /* Products */;
			projectDirPath = "";
			projectRoot = "";
			targets = (
				1A7B2F3A96B474D7B6D7640F /* OmegaBank */,
				8E4C42559AE79B09CDC9A6B7 /* OmegaBankTests */,
				77196A5123FA915E007C8C84 /* OmegaBankAPI */,
				77196A5923FA915E007C8C84 /* OmegaBankAPITests */,
			);
		};
/* End PBXProject section */

/* Begin PBXResourcesBuildPhase section */
		77196A5023FA915E007C8C84 /* Resources */ = {
			isa = PBXResourcesBuildPhase;
			buildActionMask = 2147483647;
			files = (
			);
			runOnlyForDeploymentPostprocessing = 0;
		};
		77196A5823FA915E007C8C84 /* Resources */ = {
			isa = PBXResourcesBuildPhase;
			buildActionMask = 2147483647;
			files = (
			);
			runOnlyForDeploymentPostprocessing = 0;
		};
		A57BB72FA754E1D574F3D67A /* Resources */ = {
			isa = PBXResourcesBuildPhase;
			buildActionMask = 2147483647;
			files = (
				77196AA423FBC2CE007C8C84 /* LoginViewController.xib in Resources */,
				9599A4D0242893CB000411EC /* PartnterCell.xib in Resources */,
				14D65EDD727842BB590A5D7D /* Assets.xcassets in Resources */,
				777961BA240E62B70066762B /* PartnerListViewController.xib in Resources */,
				9547F8C4242A384800EC42A0 /* PartnerLimitCell.xib in Resources */,
				954BA2882429E67F009CA09F /* PartnterDetailedViewController.xib in Resources */,
				954BD435242CB90F00DDF91A /* PartnerDescriptionView.xib in Resources */,
				80D8B5D3C407B38B80F273F1 /* LaunchScreen.storyboard in Resources */,
			);
			runOnlyForDeploymentPostprocessing = 0;
		};
/* End PBXResourcesBuildPhase section */

/* Begin PBXShellScriptBuildPhase section */
		0D3E762744A43EEBC4390D5A /* [CP] Check Pods Manifest.lock */ = {
			isa = PBXShellScriptBuildPhase;
			buildActionMask = 2147483647;
			files = (
			);
			inputFileListPaths = (
			);
			inputPaths = (
				"${PODS_PODFILE_DIR_PATH}/Podfile.lock",
				"${PODS_ROOT}/Manifest.lock",
			);
			name = "[CP] Check Pods Manifest.lock";
			outputFileListPaths = (
			);
			outputPaths = (
				"$(DERIVED_FILE_DIR)/Pods-OmegaBankAPITests-checkManifestLockResult.txt",
			);
			runOnlyForDeploymentPostprocessing = 0;
			shellPath = /bin/sh;
			shellScript = "diff \"${PODS_PODFILE_DIR_PATH}/Podfile.lock\" \"${PODS_ROOT}/Manifest.lock\" > /dev/null\nif [ $? != 0 ] ; then\n    # print error to STDERR\n    echo \"error: The sandbox is not in sync with the Podfile.lock. Run 'pod install' or update your CocoaPods installation.\" >&2\n    exit 1\nfi\n# This output is used by Xcode 'outputs' to avoid re-running this script phase.\necho \"SUCCESS\" > \"${SCRIPT_OUTPUT_FILE_0}\"\n";
			showEnvVarsInLog = 0;
		};
		2C9F440BEDC9520B8CD203A5 /* Fabric */ = {
			isa = PBXShellScriptBuildPhase;
			buildActionMask = 2147483647;
			files = (
			);
			inputFileListPaths = (
			);
			inputPaths = (
			);
			name = Fabric;
			outputFileListPaths = (
			);
			outputPaths = (
			);
			runOnlyForDeploymentPostprocessing = 0;
			shellPath = /bin/sh;
			shellScript = "# Uncomment next line after adding GoogleService-Info.plist to the project\n# \"${PODS_ROOT}/Fabric/run\"\n";
		};
		4D47B14A7F1FFB12E16E658B /* SwiftLint */ = {
			isa = PBXShellScriptBuildPhase;
			buildActionMask = 2147483647;
			files = (
			);
			inputFileListPaths = (
			);
			inputPaths = (
			);
			name = SwiftLint;
			outputFileListPaths = (
			);
			outputPaths = (
			);
			runOnlyForDeploymentPostprocessing = 0;
			shellPath = /bin/sh;
			shellScript = "#\"${PODS_ROOT}/SwiftLint/swiftlint\" autocorrect\n\"${PODS_ROOT}/SwiftLint/swiftlint\"\n";
		};
		5634543CE8101A8988B149B5 /* [CP] Embed Pods Frameworks */ = {
			isa = PBXShellScriptBuildPhase;
			buildActionMask = 2147483647;
			files = (
			);
			inputFileListPaths = (
				"${PODS_ROOT}/Target Support Files/Pods-OmegaBank/Pods-OmegaBank-frameworks-${CONFIGURATION}-input-files.xcfilelist",
			);
			name = "[CP] Embed Pods Frameworks";
			outputFileListPaths = (
				"${PODS_ROOT}/Target Support Files/Pods-OmegaBank/Pods-OmegaBank-frameworks-${CONFIGURATION}-output-files.xcfilelist",
			);
			runOnlyForDeploymentPostprocessing = 0;
			shellPath = /bin/sh;
			shellScript = "\"${PODS_ROOT}/Target Support Files/Pods-OmegaBank/Pods-OmegaBank-frameworks.sh\"\n";
			showEnvVarsInLog = 0;
		};
		73B7651D64DEAC576CE5DEED /* [CP] Check Pods Manifest.lock */ = {
			isa = PBXShellScriptBuildPhase;
			buildActionMask = 2147483647;
			files = (
			);
			inputFileListPaths = (
			);
			inputPaths = (
				"${PODS_PODFILE_DIR_PATH}/Podfile.lock",
				"${PODS_ROOT}/Manifest.lock",
			);
			name = "[CP] Check Pods Manifest.lock";
			outputFileListPaths = (
			);
			outputPaths = (
				"$(DERIVED_FILE_DIR)/Pods-OmegaBankAPI-checkManifestLockResult.txt",
			);
			runOnlyForDeploymentPostprocessing = 0;
			shellPath = /bin/sh;
			shellScript = "diff \"${PODS_PODFILE_DIR_PATH}/Podfile.lock\" \"${PODS_ROOT}/Manifest.lock\" > /dev/null\nif [ $? != 0 ] ; then\n    # print error to STDERR\n    echo \"error: The sandbox is not in sync with the Podfile.lock. Run 'pod install' or update your CocoaPods installation.\" >&2\n    exit 1\nfi\n# This output is used by Xcode 'outputs' to avoid re-running this script phase.\necho \"SUCCESS\" > \"${SCRIPT_OUTPUT_FILE_0}\"\n";
			showEnvVarsInLog = 0;
		};
		BB6B4E09EAE93A2958626CC6 /* [CP] Embed Pods Frameworks */ = {
			isa = PBXShellScriptBuildPhase;
			buildActionMask = 2147483647;
			files = (
			);
			inputFileListPaths = (
				"${PODS_ROOT}/Target Support Files/Pods-OmegaBankTests/Pods-OmegaBankTests-frameworks-${CONFIGURATION}-input-files.xcfilelist",
			);
			name = "[CP] Embed Pods Frameworks";
			outputFileListPaths = (
				"${PODS_ROOT}/Target Support Files/Pods-OmegaBankTests/Pods-OmegaBankTests-frameworks-${CONFIGURATION}-output-files.xcfilelist",
			);
			runOnlyForDeploymentPostprocessing = 0;
			shellPath = /bin/sh;
			shellScript = "\"${PODS_ROOT}/Target Support Files/Pods-OmegaBankTests/Pods-OmegaBankTests-frameworks.sh\"\n";
			showEnvVarsInLog = 0;
		};
		C33ECC39BADF9F5EF4F8499D /* [CP] Check Pods Manifest.lock */ = {
			isa = PBXShellScriptBuildPhase;
			buildActionMask = 2147483647;
			files = (
			);
			inputFileListPaths = (
			);
			inputPaths = (
				"${PODS_PODFILE_DIR_PATH}/Podfile.lock",
				"${PODS_ROOT}/Manifest.lock",
			);
			name = "[CP] Check Pods Manifest.lock";
			outputFileListPaths = (
			);
			outputPaths = (
				"$(DERIVED_FILE_DIR)/Pods-OmegaBankTests-checkManifestLockResult.txt",
			);
			runOnlyForDeploymentPostprocessing = 0;
			shellPath = /bin/sh;
			shellScript = "diff \"${PODS_PODFILE_DIR_PATH}/Podfile.lock\" \"${PODS_ROOT}/Manifest.lock\" > /dev/null\nif [ $? != 0 ] ; then\n    # print error to STDERR\n    echo \"error: The sandbox is not in sync with the Podfile.lock. Run 'pod install' or update your CocoaPods installation.\" >&2\n    exit 1\nfi\n# This output is used by Xcode 'outputs' to avoid re-running this script phase.\necho \"SUCCESS\" > \"${SCRIPT_OUTPUT_FILE_0}\"\n";
			showEnvVarsInLog = 0;
		};
		F67E67FFAFEEA913DCFB2CDE /* [CP] Check Pods Manifest.lock */ = {
			isa = PBXShellScriptBuildPhase;
			buildActionMask = 2147483647;
			files = (
			);
			inputFileListPaths = (
			);
			inputPaths = (
				"${PODS_PODFILE_DIR_PATH}/Podfile.lock",
				"${PODS_ROOT}/Manifest.lock",
			);
			name = "[CP] Check Pods Manifest.lock";
			outputFileListPaths = (
			);
			outputPaths = (
				"$(DERIVED_FILE_DIR)/Pods-OmegaBank-checkManifestLockResult.txt",
			);
			runOnlyForDeploymentPostprocessing = 0;
			shellPath = /bin/sh;
			shellScript = "diff \"${PODS_PODFILE_DIR_PATH}/Podfile.lock\" \"${PODS_ROOT}/Manifest.lock\" > /dev/null\nif [ $? != 0 ] ; then\n    # print error to STDERR\n    echo \"error: The sandbox is not in sync with the Podfile.lock. Run 'pod install' or update your CocoaPods installation.\" >&2\n    exit 1\nfi\n# This output is used by Xcode 'outputs' to avoid re-running this script phase.\necho \"SUCCESS\" > \"${SCRIPT_OUTPUT_FILE_0}\"\n";
			showEnvVarsInLog = 0;
		};
/* End PBXShellScriptBuildPhase section */

/* Begin PBXSourcesBuildPhase section */
		5A99F0724B51FD218DF7FCDA /* Sources */ = {
			isa = PBXSourcesBuildPhase;
			buildActionMask = 2147483647;
			files = (
				955EECF9242DEB1B0096DE38 /* PartnerSerapatorView.swift in Sources */,
				958BD2D72432239400543642 /* FadeTransition.swift in Sources */,
				9599A4D42428AB0C000411EC /* UIImageView+Download.swift in Sources */,
				777426B42405197B008E5810 /* TableViewCell.swift in Sources */,
				77C8B1002418D98500B2EB3D /* ErrorItem.swift in Sources */,
				77196AA223FBC2A0007C8C84 /* LoginViewController.swift in Sources */,
				958BD2D42432005900543642 /* LayoutGuide.swift in Sources */,
				958BD2CE2431FCC600543642 /* PartnerLimitCollectionViewController.swift in Sources */,
				9599A4C824289165000411EC /* ViewCorners.swift in Sources */,
				774B93E524249F41008237BF /* AnimatedCollectionViewLayout.swift in Sources */,
				9599A4C6242890BE000411EC /* ShadowView.swift in Sources */,
				9599A4CF242893CB000411EC /* PartnterCell.swift in Sources */,
				7757BC442404E4B90063ACBD /* NavigationController.swift in Sources */,
				7757BC492404E5D50063ACBD /* Font.swift in Sources */,
				9599A4DF2428D341000411EC /* CAGradientLayer.swift in Sources */,
				7700FD5724126F3700210AD3 /* AppViewController.swift in Sources */,
				954BD433242CB47700DDF91A /* PartnerDescriptionView.swift in Sources */,
				9547F8C3242A384800EC42A0 /* PartnerLimitCell.swift in Sources */,
				9599A4DC2428C38C000411EC /* String+Html.swift in Sources */,
				9599A4D92428B09F000411EC /* UICollectionView+Nib.swift in Sources */,
				6F9652531F8C7A429C2B43B3 /* ApiConstants.swift in Sources */,
				777961B9240E62B70066762B /* PartnerListViewController.swift in Sources */,
				77196A9D23FACC52007C8C84 /* BoolStorage.swift in Sources */,
				77CF6F3524066FB3000A5082 /* BarButtonItems.swift in Sources */,
				777426B824051ABF008E5810 /* NibRepresentable.swift in Sources */,
				7757BC472404E5CC0063ACBD /* Color.swift in Sources */,
				77C74935240CE47400A109A0 /* View.swift in Sources */,
				777426C1240523B5008E5810 /* NibLoadable.swift in Sources */,
				77196A9923FACB58007C8C84 /* KeychainStorage.swift in Sources */,
				77AAE4362417B5CB0012A9D9 /* PageViewController.swift in Sources */,
				77C8B0FD2418D29D00B2EB3D /* PartnetListService.swift in Sources */,
				958BD2D9243223CB00543642 /* ViewControllerTranstionAnimator.swift in Sources */,
				777426BF24052364008E5810 /* UITableView+Nib.swift in Sources */,
				954BA2872429E67F009CA09F /* PartnterDetailedViewController.swift in Sources */,
				774B93EC2424A9EB008237BF /* CardAttributesAnimator.swift in Sources */,
				954BD42D242C967F00DDF91A /* PartnerLimitViewModel.swift in Sources */,
				77196A9323FAC898007C8C84 /* LoginService.swift in Sources */,
				77196A9B23FACC04007C8C84 /* DataStorage.swift in Sources */,
				77196A9723FACA6C007C8C84 /* AccessTokenStorage.swift in Sources */,
				A831740758724667D902F5D4 /* AppDelegate.swift in Sources */,
				9544F9EE242A1E7900127693 /* CurvedView.swift in Sources */,
				77196AAE23FCFB37007C8C84 /* Results.swift in Sources */,
				926B9B493F14FF5395D0880B /* ApplicationConstants.swift in Sources */,
				60230FF1A4E12C954480D34B /* ServiceLayer.swift in Sources */,
				774B93E724249FB3008237BF /* LayoutAttributesAnimator.swift in Sources */,
			);
			runOnlyForDeploymentPostprocessing = 0;
		};
		77196A4E23FA915E007C8C84 /* Sources */ = {
			isa = PBXSourcesBuildPhase;
			buildActionMask = 2147483647;
			files = (
				77196A7A23FAAC08007C8C84 /* APIRequestAdapter.swift in Sources */,
				77196A8423FAB991007C8C84 /* JsonEndpoint.swift in Sources */,
				77196AAC23FBCFAA007C8C84 /* SendPhoneEndpoint.swift in Sources */,
				77196AAB23FBCF3A007C8C84 /* EmptyEndpoint.swift in Sources */,
				7700FD552412637000210AD3 /* Partner.swift in Sources */,
				7700FD52241260AC00210AD3 /* PartnersEndpoint.swift in Sources */,
				77196A8F23FAC747007C8C84 /* ResponseValidator.swift in Sources */,
				77196A8023FAB374007C8C84 /* APIError.swift in Sources */,
				77196A9123FAC77E007C8C84 /* HTTPError.swift in Sources */,
				77196A7E23FAB1EE007C8C84 /* Endpoint.swift in Sources */,
				77C34B4A23FE4A4A005CFD23 /* APIService.swift in Sources */,
				77196A8B23FAC636007C8C84 /* AuthData.swift in Sources */,
				77196A8623FABAB7007C8C84 /* Codable.swift in Sources */,
				77196A7723FA9800007C8C84 /* Client.swift in Sources */,
				77196A8D23FAC6B4007C8C84 /* URLRequest+HTTP.swift in Sources */,
				77196AA923FBCD11007C8C84 /* CheckSmsCodeEndpoint.swift in Sources */,
			);
			runOnlyForDeploymentPostprocessing = 0;
		};
		77196A5623FA915E007C8C84 /* Sources */ = {
			isa = PBXSourcesBuildPhase;
			buildActionMask = 2147483647;
			files = (
				77C34B4D23FFB2BB005CFD23 /* Asserts.swift in Sources */,
				954BA2802429D091009CA09F /* PartnersEndpointTest.swift in Sources */,
				77C34B5023FFBDB5005CFD23 /* SendPhoneEndpointTest.swift in Sources */,
				77C34B5223FFC035005CFD23 /* CheckSmsCodeEndpointTest.swift in Sources */,
			);
			runOnlyForDeploymentPostprocessing = 0;
		};
		C135D8F5A84309E271CE5703 /* Sources */ = {
			isa = PBXSourcesBuildPhase;
			buildActionMask = 2147483647;
			files = (
				0DF3C5BEC98535C54FABA896 /* OmegaBankTests.swift in Sources */,
			);
			runOnlyForDeploymentPostprocessing = 0;
		};
/* End PBXSourcesBuildPhase section */

/* Begin PBXTargetDependency section */
		640CF3A4D2D70665D2A5B681 /* PBXTargetDependency */ = {
			isa = PBXTargetDependency;
			target = 1A7B2F3A96B474D7B6D7640F /* OmegaBank */;
			targetProxy = E31EB640952F27C54F73AA34 /* PBXContainerItemProxy */;
		};
		77196A5D23FA915E007C8C84 /* PBXTargetDependency */ = {
			isa = PBXTargetDependency;
			target = 77196A5123FA915E007C8C84 /* OmegaBankAPI */;
			targetProxy = 77196A5C23FA915E007C8C84 /* PBXContainerItemProxy */;
		};
		77196A5F23FA915E007C8C84 /* PBXTargetDependency */ = {
			isa = PBXTargetDependency;
			target = 1A7B2F3A96B474D7B6D7640F /* OmegaBank */;
			targetProxy = 77196A5E23FA915E007C8C84 /* PBXContainerItemProxy */;
		};
		77196A6623FA915E007C8C84 /* PBXTargetDependency */ = {
			isa = PBXTargetDependency;
			target = 77196A5123FA915E007C8C84 /* OmegaBankAPI */;
			targetProxy = 77196A6523FA915E007C8C84 /* PBXContainerItemProxy */;
		};
/* End PBXTargetDependency section */

/* Begin XCBuildConfiguration section */
		0A622499D248F7EBB3D5BAE4 /* QA */ = {
			isa = XCBuildConfiguration;
			buildSettings = {
				ALWAYS_SEARCH_USER_PATHS = NO;
				API_BASE_URL = "";
				APP_BUNDLE_IDENTIFIER = "";
				CLANG_ANALYZER_NONNULL = YES;
				CLANG_ANALYZER_NUMBER_OBJECT_CONVERSION = YES_AGGRESSIVE;
				CLANG_CXX_LANGUAGE_STANDARD = "gnu++14";
				CLANG_CXX_LIBRARY = "libc++";
				CLANG_ENABLE_MODULES = YES;
				CLANG_ENABLE_OBJC_ARC = YES;
				CLANG_WARN_BLOCK_CAPTURE_AUTORELEASING = YES;
				CLANG_WARN_BOOL_CONVERSION = YES;
				CLANG_WARN_COMMA = YES;
				CLANG_WARN_CONSTANT_CONVERSION = YES;
				CLANG_WARN_DEPRECATED_OBJC_IMPLEMENTATIONS = YES;
				CLANG_WARN_DIRECT_OBJC_ISA_USAGE = YES_ERROR;
				CLANG_WARN_DOCUMENTATION_COMMENTS = YES;
				CLANG_WARN_EMPTY_BODY = YES;
				CLANG_WARN_ENUM_CONVERSION = YES;
				CLANG_WARN_INFINITE_RECURSION = YES;
				CLANG_WARN_INT_CONVERSION = YES;
				CLANG_WARN_NON_LITERAL_NULL_CONVERSION = YES;
				CLANG_WARN_OBJC_IMPLICIT_RETAIN_SELF = YES;
				CLANG_WARN_OBJC_LITERAL_CONVERSION = YES;
				CLANG_WARN_OBJC_ROOT_CLASS = YES_ERROR;
				CLANG_WARN_RANGE_LOOP_ANALYSIS = YES;
				CLANG_WARN_STRICT_PROTOTYPES = YES;
				CLANG_WARN_SUSPICIOUS_MOVE = YES;
				CLANG_WARN_UNGUARDED_AVAILABILITY = YES_AGGRESSIVE;
				CLANG_WARN_UNREACHABLE_CODE = YES;
				CLANG_WARN__DUPLICATE_METHOD_MATCH = YES;
				CODE_SIGN_IDENTITY = "iPhone Developer";
				CODE_SIGN_STYLE = Automatic;
				COPY_PHASE_STRIP = NO;
				DEBUG_INFORMATION_FORMAT = "dwarf-with-dsym";
				ENABLE_NS_ASSERTIONS = NO;
				ENABLE_STRICT_OBJC_MSGSEND = YES;
				GCC_C_LANGUAGE_STANDARD = gnu11;
				GCC_NO_COMMON_BLOCKS = YES;
				GCC_WARN_64_TO_32_BIT_CONVERSION = YES;
				GCC_WARN_ABOUT_RETURN_TYPE = YES_ERROR;
				GCC_WARN_UNDECLARED_SELECTOR = YES;
				GCC_WARN_UNINITIALIZED_AUTOS = YES_AGGRESSIVE;
				GCC_WARN_UNUSED_FUNCTION = YES;
				GCC_WARN_UNUSED_VARIABLE = YES;
				IPHONEOS_DEPLOYMENT_TARGET = 11.0;
				OTHER_SWIFT_FLAGS = "-D QA";
				PRODUCT_NAME = "$(TARGET_NAME)";
				SDKROOT = iphoneos;
				SWIFT_COMPILATION_MODE = wholemodule;
				SWIFT_VERSION = 5.0;
				VALIDATE_PRODUCT = YES;
			};
			name = QA;
		};
		17D8BF87F7E0EA73D7395885 /* Debug */ = {
			isa = XCBuildConfiguration;
			buildSettings = {
				ALWAYS_SEARCH_USER_PATHS = NO;
				API_BASE_URL = "https://omegabank.mock-object.redmadserver.com/api/v1/";
				APP_BUNDLE_IDENTIFIER = "";
				CLANG_ANALYZER_NONNULL = YES;
				CLANG_ANALYZER_NUMBER_OBJECT_CONVERSION = YES_AGGRESSIVE;
				CLANG_CXX_LANGUAGE_STANDARD = "gnu++14";
				CLANG_CXX_LIBRARY = "libc++";
				CLANG_ENABLE_MODULES = YES;
				CLANG_ENABLE_OBJC_ARC = YES;
				CLANG_WARN_BLOCK_CAPTURE_AUTORELEASING = YES;
				CLANG_WARN_BOOL_CONVERSION = YES;
				CLANG_WARN_COMMA = YES;
				CLANG_WARN_CONSTANT_CONVERSION = YES;
				CLANG_WARN_DEPRECATED_OBJC_IMPLEMENTATIONS = YES;
				CLANG_WARN_DIRECT_OBJC_ISA_USAGE = YES_ERROR;
				CLANG_WARN_DOCUMENTATION_COMMENTS = YES;
				CLANG_WARN_EMPTY_BODY = YES;
				CLANG_WARN_ENUM_CONVERSION = YES;
				CLANG_WARN_INFINITE_RECURSION = YES;
				CLANG_WARN_INT_CONVERSION = YES;
				CLANG_WARN_NON_LITERAL_NULL_CONVERSION = YES;
				CLANG_WARN_OBJC_IMPLICIT_RETAIN_SELF = YES;
				CLANG_WARN_OBJC_LITERAL_CONVERSION = YES;
				CLANG_WARN_OBJC_ROOT_CLASS = YES_ERROR;
				CLANG_WARN_RANGE_LOOP_ANALYSIS = YES;
				CLANG_WARN_STRICT_PROTOTYPES = YES;
				CLANG_WARN_SUSPICIOUS_MOVE = YES;
				CLANG_WARN_UNGUARDED_AVAILABILITY = YES_AGGRESSIVE;
				CLANG_WARN_UNREACHABLE_CODE = YES;
				CLANG_WARN__DUPLICATE_METHOD_MATCH = YES;
				CODE_SIGN_IDENTITY = "iPhone Developer";
				CODE_SIGN_STYLE = Automatic;
				COPY_PHASE_STRIP = NO;
				DEBUG_INFORMATION_FORMAT = dwarf;
				ENABLE_STRICT_OBJC_MSGSEND = YES;
				ENABLE_TESTABILITY = YES;
				GCC_C_LANGUAGE_STANDARD = gnu11;
				GCC_DYNAMIC_NO_PIC = NO;
				GCC_NO_COMMON_BLOCKS = YES;
				GCC_OPTIMIZATION_LEVEL = 0;
				GCC_PREPROCESSOR_DEFINITIONS = (
					"$(inherited)",
					"DEBUG=1",
				);
				GCC_WARN_64_TO_32_BIT_CONVERSION = YES;
				GCC_WARN_ABOUT_RETURN_TYPE = YES_ERROR;
				GCC_WARN_UNDECLARED_SELECTOR = YES;
				GCC_WARN_UNINITIALIZED_AUTOS = YES_AGGRESSIVE;
				GCC_WARN_UNUSED_FUNCTION = YES;
				GCC_WARN_UNUSED_VARIABLE = YES;
				IPHONEOS_DEPLOYMENT_TARGET = 11.0;
				MTL_ENABLE_DEBUG_INFO = YES;
				ONLY_ACTIVE_ARCH = YES;
				PRODUCT_NAME = "$(TARGET_NAME)";
				SDKROOT = iphoneos;
				SWIFT_ACTIVE_COMPILATION_CONDITIONS = DEBUG;
				SWIFT_OPTIMIZATION_LEVEL = "-Onone";
				SWIFT_VERSION = 5.0;
			};
			name = Debug;
		};
		315643EF16720D05A342752E /* QA */ = {
			isa = XCBuildConfiguration;
			baseConfigurationReference = 74A513E3D65F3A65954B833B /* Pods-OmegaBankTests.qa.xcconfig */;
			buildSettings = {
				BUNDLE_LOADER = "$(TEST_HOST)";
				INFOPLIST_FILE = "$(SRCROOT)/OmegaBankTests/Supporting Files/Info.plist";
				LD_RUNPATH_SEARCH_PATHS = (
					"$(inherited)",
					"@executable_path/Frameworks",
					"@loader_path/Frameworks",
				);
				PRODUCT_BUNDLE_IDENTIFIER = com.redmadrobot.OmegaBankTests;
				SDKROOT = iphoneos;
				TARGETED_DEVICE_FAMILY = "1,2";
				TEST_HOST = "$(BUILT_PRODUCTS_DIR)/OmegaBank.app/OmegaBank";
				TEST_TARGET_NAME = OmegaBank;
			};
			name = QA;
		};
		3A35498E4F27DEE671D35F35 /* Debug */ = {
			isa = XCBuildConfiguration;
			baseConfigurationReference = 670B4953E269E99CC82A52AF /* Pods-OmegaBank.debug.xcconfig */;
			buildSettings = {
				ALWAYS_EMBED_SWIFT_STANDARD_LIBRARIES = YES;
				APP_BUNDLE_IDENTIFIER = com.redmadrobot.OmegaBank2;
				ASSETCATALOG_COMPILER_APPICON_NAME = AppIcon;
				CODE_SIGN_ENTITLEMENTS = "OmegaBank/Supporting Files/OmegaBank.entitlements";
				CODE_SIGN_IDENTITY = "iPhone Developer";
				CURRENT_PROJECT_VERSION = 1;
				DEVELOPMENT_TEAM = 42LRQS6X44;
				INFOPLIST_FILE = "$(SRCROOT)/OmegaBank/Supporting Files/Info.plist";
				LD_RUNPATH_SEARCH_PATHS = (
					"$(inherited)",
					"@executable_path/Frameworks",
				);
				NEW_SETTING = "";
				PRODUCT_BUNDLE_IDENTIFIER = com.redmadrobot.OmegaBank;
				SDKROOT = iphoneos;
				TARGETED_DEVICE_FAMILY = 1;
				VERSIONING_SYSTEM = "apple-generic";
			};
			name = Debug;
		};
		3D1B95C22A5ACFFA83CA3B69 /* QA */ = {
			isa = XCBuildConfiguration;
			baseConfigurationReference = B0282662B6DEF0C953141AB3 /* Pods-OmegaBank.qa.xcconfig */;
			buildSettings = {
				ALWAYS_EMBED_SWIFT_STANDARD_LIBRARIES = YES;
				API_BASE_URL = "https://omegabank.mock-object.redmadserver.com/api/v1/";
				APP_BUNDLE_IDENTIFIER = com.redmadrobot.OmegaBank;
				ASSETCATALOG_COMPILER_APPICON_NAME = AppIcon;
				CODE_SIGN_ENTITLEMENTS = "OmegaBank/Supporting Files/OmegaBank.entitlements";
				CODE_SIGN_IDENTITY = "iPhone Developer";
				CURRENT_PROJECT_VERSION = 1;
				DEVELOPMENT_TEAM = 42LRQS6X44;
				INFOPLIST_FILE = "$(SRCROOT)/OmegaBank/Supporting Files/Info.plist";
				LD_RUNPATH_SEARCH_PATHS = (
					"$(inherited)",
					"@executable_path/Frameworks",
				);
				NEW_SETTING = "";
				PRODUCT_BUNDLE_IDENTIFIER = "$(APP_BUNDLE_IDENTIFIER)";
				SDKROOT = iphoneos;
				TARGETED_DEVICE_FAMILY = 1;
				VERSIONING_SYSTEM = "apple-generic";
			};
			name = QA;
		};
		4885EDDC20D85CEFD73BD6BC /* App-Store */ = {
			isa = XCBuildConfiguration;
			buildSettings = {
				ALWAYS_SEARCH_USER_PATHS = NO;
				API_BASE_URL = "";
				APP_BUNDLE_IDENTIFIER = "";
				CLANG_ANALYZER_NONNULL = YES;
				CLANG_ANALYZER_NUMBER_OBJECT_CONVERSION = YES_AGGRESSIVE;
				CLANG_CXX_LANGUAGE_STANDARD = "gnu++14";
				CLANG_CXX_LIBRARY = "libc++";
				CLANG_ENABLE_MODULES = YES;
				CLANG_ENABLE_OBJC_ARC = YES;
				CLANG_WARN_BLOCK_CAPTURE_AUTORELEASING = YES;
				CLANG_WARN_BOOL_CONVERSION = YES;
				CLANG_WARN_COMMA = YES;
				CLANG_WARN_CONSTANT_CONVERSION = YES;
				CLANG_WARN_DEPRECATED_OBJC_IMPLEMENTATIONS = YES;
				CLANG_WARN_DIRECT_OBJC_ISA_USAGE = YES_ERROR;
				CLANG_WARN_DOCUMENTATION_COMMENTS = YES;
				CLANG_WARN_EMPTY_BODY = YES;
				CLANG_WARN_ENUM_CONVERSION = YES;
				CLANG_WARN_INFINITE_RECURSION = YES;
				CLANG_WARN_INT_CONVERSION = YES;
				CLANG_WARN_NON_LITERAL_NULL_CONVERSION = YES;
				CLANG_WARN_OBJC_IMPLICIT_RETAIN_SELF = YES;
				CLANG_WARN_OBJC_LITERAL_CONVERSION = YES;
				CLANG_WARN_OBJC_ROOT_CLASS = YES_ERROR;
				CLANG_WARN_RANGE_LOOP_ANALYSIS = YES;
				CLANG_WARN_STRICT_PROTOTYPES = YES;
				CLANG_WARN_SUSPICIOUS_MOVE = YES;
				CLANG_WARN_UNGUARDED_AVAILABILITY = YES_AGGRESSIVE;
				CLANG_WARN_UNREACHABLE_CODE = YES;
				CLANG_WARN__DUPLICATE_METHOD_MATCH = YES;
				CODE_SIGN_IDENTITY = "iPhone Developer";
				CODE_SIGN_STYLE = Automatic;
				COPY_PHASE_STRIP = NO;
				DEBUG_INFORMATION_FORMAT = "dwarf-with-dsym";
				ENABLE_NS_ASSERTIONS = NO;
				ENABLE_STRICT_OBJC_MSGSEND = YES;
				GCC_C_LANGUAGE_STANDARD = gnu11;
				GCC_NO_COMMON_BLOCKS = YES;
				GCC_WARN_64_TO_32_BIT_CONVERSION = YES;
				GCC_WARN_ABOUT_RETURN_TYPE = YES_ERROR;
				GCC_WARN_UNDECLARED_SELECTOR = YES;
				GCC_WARN_UNINITIALIZED_AUTOS = YES_AGGRESSIVE;
				GCC_WARN_UNUSED_FUNCTION = YES;
				GCC_WARN_UNUSED_VARIABLE = YES;
				IPHONEOS_DEPLOYMENT_TARGET = 11.0;
				OTHER_SWIFT_FLAGS = "-D APPSTORE";
				PRODUCT_NAME = "$(TARGET_NAME)";
				SDKROOT = iphoneos;
				SWIFT_COMPILATION_MODE = wholemodule;
				SWIFT_VERSION = 5.0;
				VALIDATE_PRODUCT = YES;
			};
			name = "App-Store";
		};
		4DF619EE80FE3872D16616B3 /* Debug */ = {
			isa = XCBuildConfiguration;
			baseConfigurationReference = F32599AA48444258A623E162 /* Pods-OmegaBankTests.debug.xcconfig */;
			buildSettings = {
				BUNDLE_LOADER = "$(TEST_HOST)";
				INFOPLIST_FILE = "$(SRCROOT)/OmegaBankTests/Supporting Files/Info.plist";
				LD_RUNPATH_SEARCH_PATHS = (
					"$(inherited)",
					"@executable_path/Frameworks",
					"@loader_path/Frameworks",
				);
				PRODUCT_BUNDLE_IDENTIFIER = com.redmadrobot.OmegaBankTests;
				SDKROOT = iphoneos;
				TARGETED_DEVICE_FAMILY = "1,2";
				TEST_HOST = "$(BUILT_PRODUCTS_DIR)/OmegaBank.app/OmegaBank";
				TEST_TARGET_NAME = OmegaBank;
			};
			name = Debug;
		};
		77196A6B23FA915E007C8C84 /* App-Store */ = {
			isa = XCBuildConfiguration;
			baseConfigurationReference = A6CCA46F7A338FEA9569BC87 /* Pods-OmegaBankAPI.app-store.xcconfig */;
			buildSettings = {
				CLANG_ENABLE_MODULES = YES;
				CLANG_ENABLE_OBJC_WEAK = YES;
				CODE_SIGN_IDENTITY = "iPhone Developer";
				CODE_SIGN_STYLE = Automatic;
				CURRENT_PROJECT_VERSION = 1;
				DEFINES_MODULE = YES;
				DEVELOPMENT_TEAM = 42LRQS6X44;
				DYLIB_COMPATIBILITY_VERSION = 1;
				DYLIB_CURRENT_VERSION = 1;
				DYLIB_INSTALL_NAME_BASE = "@rpath";
				GCC_PREPROCESSOR_DEFINITIONS = (
					"DEBUG=1",
					"$(inherited)",
				);
				INFOPLIST_FILE = "OmegaBankFrameworks/OmegaBankAPI/Supporting Files/Info.plist";
				INSTALL_PATH = "$(LOCAL_LIBRARY_DIR)/Frameworks";
				IPHONEOS_DEPLOYMENT_TARGET = 11.0;
				LD_RUNPATH_SEARCH_PATHS = (
					"$(inherited)",
					"@executable_path/Frameworks",
					"@loader_path/Frameworks",
				);
				MTL_ENABLE_DEBUG_INFO = INCLUDE_SOURCE;
				MTL_FAST_MATH = YES;
				PRODUCT_BUNDLE_IDENTIFIER = nz.OmegaBankAPI;
				PRODUCT_NAME = "$(TARGET_NAME:c99extidentifier)";
				SKIP_INSTALL = YES;
				SWIFT_VERSION = 5.0;
				TARGETED_DEVICE_FAMILY = "1,2";
				VERSIONING_SYSTEM = "apple-generic";
				VERSION_INFO_PREFIX = "";
			};
			name = "App-Store";
		};
		77196A6C23FA915E007C8C84 /* Debug */ = {
			isa = XCBuildConfiguration;
			baseConfigurationReference = A8B33C0F2873D23A021D58D9 /* Pods-OmegaBankAPI.debug.xcconfig */;
			buildSettings = {
				CLANG_ENABLE_MODULES = YES;
				CLANG_ENABLE_OBJC_WEAK = YES;
				CODE_SIGN_IDENTITY = "iPhone Developer";
				CODE_SIGN_STYLE = Automatic;
				CURRENT_PROJECT_VERSION = 1;
				DEFINES_MODULE = YES;
				DEVELOPMENT_TEAM = 42LRQS6X44;
				DYLIB_COMPATIBILITY_VERSION = 1;
				DYLIB_CURRENT_VERSION = 1;
				DYLIB_INSTALL_NAME_BASE = "@rpath";
				GCC_PREPROCESSOR_DEFINITIONS = (
					"DEBUG=1",
					"$(inherited)",
				);
				INFOPLIST_FILE = "OmegaBankFrameworks/OmegaBankAPI/Supporting Files/Info.plist";
				INSTALL_PATH = "$(LOCAL_LIBRARY_DIR)/Frameworks";
				IPHONEOS_DEPLOYMENT_TARGET = 11.0;
				LD_RUNPATH_SEARCH_PATHS = (
					"$(inherited)",
					"@executable_path/Frameworks",
					"@loader_path/Frameworks",
				);
				MTL_ENABLE_DEBUG_INFO = INCLUDE_SOURCE;
				MTL_FAST_MATH = YES;
				PRODUCT_BUNDLE_IDENTIFIER = nz.OmegaBankAPI;
				PRODUCT_NAME = "$(TARGET_NAME:c99extidentifier)";
				SKIP_INSTALL = YES;
				SWIFT_OPTIMIZATION_LEVEL = "-Onone";
				SWIFT_VERSION = 5.0;
				TARGETED_DEVICE_FAMILY = "1,2";
				VERSIONING_SYSTEM = "apple-generic";
				VERSION_INFO_PREFIX = "";
			};
			name = Debug;
		};
		77196A6D23FA915E007C8C84 /* QA */ = {
			isa = XCBuildConfiguration;
			baseConfigurationReference = 21F7884ED66CBDF8F60523BE /* Pods-OmegaBankAPI.qa.xcconfig */;
			buildSettings = {
				ALWAYS_SEARCH_USER_PATHS = NO;
				CLANG_ANALYZER_NONNULL = YES;
				CLANG_ANALYZER_NUMBER_OBJECT_CONVERSION = YES_AGGRESSIVE;
				CLANG_CXX_LANGUAGE_STANDARD = "gnu++14";
				CLANG_CXX_LIBRARY = "libc++";
				CLANG_ENABLE_MODULES = YES;
				CLANG_ENABLE_OBJC_ARC = YES;
				CLANG_ENABLE_OBJC_WEAK = YES;
				CLANG_WARN_BLOCK_CAPTURE_AUTORELEASING = YES;
				CLANG_WARN_BOOL_CONVERSION = YES;
				CLANG_WARN_COMMA = YES;
				CLANG_WARN_CONSTANT_CONVERSION = YES;
				CLANG_WARN_DEPRECATED_OBJC_IMPLEMENTATIONS = YES;
				CLANG_WARN_DIRECT_OBJC_ISA_USAGE = YES_ERROR;
				CLANG_WARN_DOCUMENTATION_COMMENTS = YES;
				CLANG_WARN_EMPTY_BODY = YES;
				CLANG_WARN_ENUM_CONVERSION = YES;
				CLANG_WARN_INFINITE_RECURSION = YES;
				CLANG_WARN_INT_CONVERSION = YES;
				CLANG_WARN_NON_LITERAL_NULL_CONVERSION = YES;
				CLANG_WARN_OBJC_IMPLICIT_RETAIN_SELF = YES;
				CLANG_WARN_OBJC_LITERAL_CONVERSION = YES;
				CLANG_WARN_OBJC_ROOT_CLASS = YES_ERROR;
				CLANG_WARN_RANGE_LOOP_ANALYSIS = YES;
				CLANG_WARN_STRICT_PROTOTYPES = YES;
				CLANG_WARN_SUSPICIOUS_MOVE = YES;
				CLANG_WARN_UNGUARDED_AVAILABILITY = YES_AGGRESSIVE;
				CLANG_WARN_UNREACHABLE_CODE = YES;
				CLANG_WARN__DUPLICATE_METHOD_MATCH = YES;
				CODE_SIGN_IDENTITY = "iPhone Developer";
				CODE_SIGN_STYLE = Automatic;
				COPY_PHASE_STRIP = NO;
				CURRENT_PROJECT_VERSION = 1;
				DEBUG_INFORMATION_FORMAT = "dwarf-with-dsym";
				DEFINES_MODULE = YES;
				DEVELOPMENT_TEAM = 42LRQS6X44;
				DYLIB_COMPATIBILITY_VERSION = 1;
				DYLIB_CURRENT_VERSION = 1;
				DYLIB_INSTALL_NAME_BASE = "@rpath";
				ENABLE_NS_ASSERTIONS = NO;
				ENABLE_STRICT_OBJC_MSGSEND = YES;
				GCC_C_LANGUAGE_STANDARD = gnu11;
				GCC_NO_COMMON_BLOCKS = YES;
				GCC_WARN_64_TO_32_BIT_CONVERSION = YES;
				GCC_WARN_ABOUT_RETURN_TYPE = YES_ERROR;
				GCC_WARN_UNDECLARED_SELECTOR = YES;
				GCC_WARN_UNINITIALIZED_AUTOS = YES_AGGRESSIVE;
				GCC_WARN_UNUSED_FUNCTION = YES;
				GCC_WARN_UNUSED_VARIABLE = YES;
				INFOPLIST_FILE = "OmegaBankFrameworks/OmegaBankAPI/Supporting Files/Info.plist";
				INSTALL_PATH = "$(LOCAL_LIBRARY_DIR)/Frameworks";
				IPHONEOS_DEPLOYMENT_TARGET = 11.0;
				LD_RUNPATH_SEARCH_PATHS = (
					"$(inherited)",
					"@executable_path/Frameworks",
					"@loader_path/Frameworks",
				);
				MTL_ENABLE_DEBUG_INFO = NO;
				MTL_FAST_MATH = YES;
				PRODUCT_BUNDLE_IDENTIFIER = nz.OmegaBankAPI;
				PRODUCT_NAME = "$(TARGET_NAME:c99extidentifier)";
				SDKROOT = iphoneos;
				SKIP_INSTALL = YES;
				SWIFT_COMPILATION_MODE = wholemodule;
				SWIFT_OPTIMIZATION_LEVEL = "-O";
				SWIFT_VERSION = 5.0;
				TARGETED_DEVICE_FAMILY = "1,2";
				VALIDATE_PRODUCT = YES;
				VERSIONING_SYSTEM = "apple-generic";
				VERSION_INFO_PREFIX = "";
			};
			name = QA;
		};
		77196A6F23FA915E007C8C84 /* App-Store */ = {
			isa = XCBuildConfiguration;
			baseConfigurationReference = 00F7ED167575E28BFBEBB23D /* Pods-OmegaBankAPITests.app-store.xcconfig */;
			buildSettings = {
				ALWAYS_EMBED_SWIFT_STANDARD_LIBRARIES = YES;
				CLANG_ENABLE_OBJC_WEAK = YES;
				CODE_SIGN_STYLE = Automatic;
				DEVELOPMENT_TEAM = 42LRQS6X44;
				GCC_PREPROCESSOR_DEFINITIONS = (
					"DEBUG=1",
					"$(inherited)",
				);
				INFOPLIST_FILE = OmegaBankFrameworks/OmegaBankAPITests/Info.plist;
				IPHONEOS_DEPLOYMENT_TARGET = 13.2;
				LD_RUNPATH_SEARCH_PATHS = (
					"$(inherited)",
					"@executable_path/Frameworks",
					"@loader_path/Frameworks",
				);
				MTL_ENABLE_DEBUG_INFO = INCLUDE_SOURCE;
				MTL_FAST_MATH = YES;
				PRODUCT_BUNDLE_IDENTIFIER = nz.OmegaBankAPITests;
				PRODUCT_NAME = "$(TARGET_NAME)";
				SWIFT_VERSION = 5.0;
				TARGETED_DEVICE_FAMILY = "1,2";
				TEST_HOST = "$(BUILT_PRODUCTS_DIR)/OmegaBank.app/OmegaBank";
			};
			name = "App-Store";
		};
		77196A7023FA915E007C8C84 /* Debug */ = {
			isa = XCBuildConfiguration;
			baseConfigurationReference = 5641AE11A7FC176697C5D344 /* Pods-OmegaBankAPITests.debug.xcconfig */;
			buildSettings = {
				ALWAYS_EMBED_SWIFT_STANDARD_LIBRARIES = YES;
				CLANG_ENABLE_OBJC_WEAK = YES;
				CODE_SIGN_STYLE = Automatic;
				DEVELOPMENT_TEAM = 42LRQS6X44;
				GCC_PREPROCESSOR_DEFINITIONS = (
					"DEBUG=1",
					"$(inherited)",
				);
				INFOPLIST_FILE = OmegaBankFrameworks/OmegaBankAPITests/Info.plist;
				IPHONEOS_DEPLOYMENT_TARGET = 13.2;
				LD_RUNPATH_SEARCH_PATHS = (
					"$(inherited)",
					"@executable_path/Frameworks",
					"@loader_path/Frameworks",
				);
				MTL_ENABLE_DEBUG_INFO = INCLUDE_SOURCE;
				MTL_FAST_MATH = YES;
				PRODUCT_BUNDLE_IDENTIFIER = nz.OmegaBankAPITests;
				PRODUCT_NAME = "$(TARGET_NAME)";
				SWIFT_VERSION = 5.0;
				TARGETED_DEVICE_FAMILY = "1,2";
				TEST_HOST = "$(BUILT_PRODUCTS_DIR)/OmegaBank.app/OmegaBank";
			};
			name = Debug;
		};
		77196A7123FA915E007C8C84 /* QA */ = {
			isa = XCBuildConfiguration;
			baseConfigurationReference = E6E9DC4585A7041B83A48D18 /* Pods-OmegaBankAPITests.qa.xcconfig */;
			buildSettings = {
				ALWAYS_EMBED_SWIFT_STANDARD_LIBRARIES = YES;
				ALWAYS_SEARCH_USER_PATHS = NO;
				CLANG_ANALYZER_NONNULL = YES;
				CLANG_ANALYZER_NUMBER_OBJECT_CONVERSION = YES_AGGRESSIVE;
				CLANG_CXX_LANGUAGE_STANDARD = "gnu++14";
				CLANG_CXX_LIBRARY = "libc++";
				CLANG_ENABLE_MODULES = YES;
				CLANG_ENABLE_OBJC_ARC = YES;
				CLANG_ENABLE_OBJC_WEAK = YES;
				CLANG_WARN_BLOCK_CAPTURE_AUTORELEASING = YES;
				CLANG_WARN_BOOL_CONVERSION = YES;
				CLANG_WARN_COMMA = YES;
				CLANG_WARN_CONSTANT_CONVERSION = YES;
				CLANG_WARN_DEPRECATED_OBJC_IMPLEMENTATIONS = YES;
				CLANG_WARN_DIRECT_OBJC_ISA_USAGE = YES_ERROR;
				CLANG_WARN_DOCUMENTATION_COMMENTS = YES;
				CLANG_WARN_EMPTY_BODY = YES;
				CLANG_WARN_ENUM_CONVERSION = YES;
				CLANG_WARN_INFINITE_RECURSION = YES;
				CLANG_WARN_INT_CONVERSION = YES;
				CLANG_WARN_NON_LITERAL_NULL_CONVERSION = YES;
				CLANG_WARN_OBJC_IMPLICIT_RETAIN_SELF = YES;
				CLANG_WARN_OBJC_LITERAL_CONVERSION = YES;
				CLANG_WARN_OBJC_ROOT_CLASS = YES_ERROR;
				CLANG_WARN_RANGE_LOOP_ANALYSIS = YES;
				CLANG_WARN_STRICT_PROTOTYPES = YES;
				CLANG_WARN_SUSPICIOUS_MOVE = YES;
				CLANG_WARN_UNGUARDED_AVAILABILITY = YES_AGGRESSIVE;
				CLANG_WARN_UNREACHABLE_CODE = YES;
				CLANG_WARN__DUPLICATE_METHOD_MATCH = YES;
				CODE_SIGN_STYLE = Automatic;
				COPY_PHASE_STRIP = NO;
				DEBUG_INFORMATION_FORMAT = "dwarf-with-dsym";
				DEVELOPMENT_TEAM = 42LRQS6X44;
				ENABLE_NS_ASSERTIONS = NO;
				ENABLE_STRICT_OBJC_MSGSEND = YES;
				GCC_C_LANGUAGE_STANDARD = gnu11;
				GCC_NO_COMMON_BLOCKS = YES;
				GCC_WARN_64_TO_32_BIT_CONVERSION = YES;
				GCC_WARN_ABOUT_RETURN_TYPE = YES_ERROR;
				GCC_WARN_UNDECLARED_SELECTOR = YES;
				GCC_WARN_UNINITIALIZED_AUTOS = YES_AGGRESSIVE;
				GCC_WARN_UNUSED_FUNCTION = YES;
				GCC_WARN_UNUSED_VARIABLE = YES;
				INFOPLIST_FILE = OmegaBankFrameworks/OmegaBankAPITests/Info.plist;
				IPHONEOS_DEPLOYMENT_TARGET = 13.2;
				LD_RUNPATH_SEARCH_PATHS = (
					"$(inherited)",
					"@executable_path/Frameworks",
					"@loader_path/Frameworks",
				);
				MTL_ENABLE_DEBUG_INFO = NO;
				MTL_FAST_MATH = YES;
				PRODUCT_BUNDLE_IDENTIFIER = nz.OmegaBankAPITests;
				PRODUCT_NAME = "$(TARGET_NAME)";
				SDKROOT = iphoneos;
				SWIFT_COMPILATION_MODE = wholemodule;
				SWIFT_OPTIMIZATION_LEVEL = "-O";
				SWIFT_VERSION = 5.0;
				TARGETED_DEVICE_FAMILY = "1,2";
				TEST_HOST = "$(BUILT_PRODUCTS_DIR)/OmegaBank.app/OmegaBank";
				VALIDATE_PRODUCT = YES;
			};
			name = QA;
		};
		A2DCCEB36A05302FD6E89A3D /* App-Store */ = {
			isa = XCBuildConfiguration;
			baseConfigurationReference = B79A5467BD3E86D8CEC94729 /* Pods-OmegaBankTests.app-store.xcconfig */;
			buildSettings = {
				BUNDLE_LOADER = "$(TEST_HOST)";
				INFOPLIST_FILE = "$(SRCROOT)/OmegaBankTests/Supporting Files/Info.plist";
				LD_RUNPATH_SEARCH_PATHS = (
					"$(inherited)",
					"@executable_path/Frameworks",
					"@loader_path/Frameworks",
				);
				PRODUCT_BUNDLE_IDENTIFIER = com.redmadrobot.OmegaBankTests;
				SDKROOT = iphoneos;
				TARGETED_DEVICE_FAMILY = "1,2";
				TEST_HOST = "$(BUILT_PRODUCTS_DIR)/OmegaBank.app/OmegaBank";
				TEST_TARGET_NAME = OmegaBank;
			};
			name = "App-Store";
		};
		F215AAA9997EA5BEBCC3277C /* App-Store */ = {
			isa = XCBuildConfiguration;
			baseConfigurationReference = FE5FD665DF2DA830858C8539 /* Pods-OmegaBank.app-store.xcconfig */;
			buildSettings = {
				ALWAYS_EMBED_SWIFT_STANDARD_LIBRARIES = YES;
				API_BASE_URL = "https://omegabank.mock-object.redmadserver.com/api/v1/";
				APP_BUNDLE_IDENTIFIER = com.redmadrobot.OmegaBank;
				ASSETCATALOG_COMPILER_APPICON_NAME = AppIcon;
				CODE_SIGN_ENTITLEMENTS = "OmegaBank/Supporting Files/OmegaBank.entitlements";
				CODE_SIGN_IDENTITY = "iPhone Developer";
				CURRENT_PROJECT_VERSION = 1;
				DEVELOPMENT_TEAM = 42LRQS6X44;
				INFOPLIST_FILE = "$(SRCROOT)/OmegaBank/Supporting Files/Info.plist";
				LD_RUNPATH_SEARCH_PATHS = (
					"$(inherited)",
					"@executable_path/Frameworks",
				);
				NEW_SETTING = "";
				PRODUCT_BUNDLE_IDENTIFIER = "$(APP_BUNDLE_IDENTIFIER)";
				SDKROOT = iphoneos;
				TARGETED_DEVICE_FAMILY = 1;
				VERSIONING_SYSTEM = "apple-generic";
			};
			name = "App-Store";
		};
/* End XCBuildConfiguration section */

/* Begin XCConfigurationList section */
		6CA0F14673B535FD6DEBEA4B /* Build configuration list for PBXNativeTarget "OmegaBankTests" */ = {
			isa = XCConfigurationList;
			buildConfigurations = (
				A2DCCEB36A05302FD6E89A3D /* App-Store */,
				4DF619EE80FE3872D16616B3 /* Debug */,
				315643EF16720D05A342752E /* QA */,
			);
			defaultConfigurationIsVisible = 0;
			defaultConfigurationName = "";
		};
		77196A6A23FA915E007C8C84 /* Build configuration list for PBXNativeTarget "OmegaBankAPI" */ = {
			isa = XCConfigurationList;
			buildConfigurations = (
				77196A6B23FA915E007C8C84 /* App-Store */,
				77196A6C23FA915E007C8C84 /* Debug */,
				77196A6D23FA915E007C8C84 /* QA */,
			);
			defaultConfigurationIsVisible = 0;
			defaultConfigurationName = Debug;
		};
		77196A6E23FA915E007C8C84 /* Build configuration list for PBXNativeTarget "OmegaBankAPITests" */ = {
			isa = XCConfigurationList;
			buildConfigurations = (
				77196A6F23FA915E007C8C84 /* App-Store */,
				77196A7023FA915E007C8C84 /* Debug */,
				77196A7123FA915E007C8C84 /* QA */,
			);
			defaultConfigurationIsVisible = 0;
			defaultConfigurationName = Debug;
		};
		F67E94FAFE81BB4E49D6ED0C /* Build configuration list for PBXProject "OmegaBank" */ = {
			isa = XCConfigurationList;
			buildConfigurations = (
				4885EDDC20D85CEFD73BD6BC /* App-Store */,
				17D8BF87F7E0EA73D7395885 /* Debug */,
				0A622499D248F7EBB3D5BAE4 /* QA */,
			);
			defaultConfigurationIsVisible = 0;
			defaultConfigurationName = Debug;
		};
		FCC4AC414AC9D154B3FD69DE /* Build configuration list for PBXNativeTarget "OmegaBank" */ = {
			isa = XCConfigurationList;
			buildConfigurations = (
				F215AAA9997EA5BEBCC3277C /* App-Store */,
				3A35498E4F27DEE671D35F35 /* Debug */,
				3D1B95C22A5ACFFA83CA3B69 /* QA */,
			);
			defaultConfigurationIsVisible = 0;
			defaultConfigurationName = "";
		};
/* End XCConfigurationList section */
	};
	rootObject = B3F7E603EE9F82DA02B4E8F0 /* Project object */;
}
