PODS:
  - Alamofire (4.9.1)
  - AlamofireImage (3.6.0):
    - Alamofire (~> 4.9)
  - Catbird (0.8.1)
  - InputMask (6.1.0)
  - KeychainAccess (4.2.2)
  - SwiftGen (6.4.0)
  - SwiftLint (0.43.1)

DEPENDENCIES:
  - Alamofire (~> 4.8)
  - AlamofireImage
  - Catbird
  - InputMask
  - KeychainAccess
  - SwiftGen
  - SwiftLint

SPEC REPOS:
  trunk:
    - Alamofire
    - AlamofireImage
    - Catbird
    - InputMask
    - KeychainAccess
    - SwiftGen
    - SwiftLint

SPEC CHECKSUMS:
  Alamofire: 85e8a02c69d6020a0d734f6054870d7ecb75cf18
  AlamofireImage: be9963c6582d68b39e89191f64c82a7d7bf40fdd
  Catbird: b803e24c630c02928f5b126c3b7ab08de0cad458
  InputMask: 71d291dc54d2deaeac6512afb6ec2304228c0bb7
  KeychainAccess: c0c4f7f38f6fc7bbe58f5702e25f7bd2f65abf51
  SwiftGen: 67860cc7c3cfc2ed25b9b74cfd55495fc89f9108
  SwiftLint: 99f82d07b837b942dd563c668de129a03fc3fb52

PODFILE CHECKSUM: af5f1b207cedb8f40f1b1f051b500afc9463afc5

COCOAPODS: 1.10.1
